// !$*UTF8*$!
{
	archiveVersion = 1;
	classes = {
	};
	objectVersion = 56;
	objects = {

/* Begin PBXBuildFile section */
		EC1F0D3B2AEBED1200D4DBC1 /* CombineMoya in Frameworks */ = {isa = PBXBuildFile; productRef = EC1F0D3A2AEBED1200D4DBC1 /* CombineMoya */; };
		EC1F0D3D2AEBED1200D4DBC1 /* Moya in Frameworks */ = {isa = PBXBuildFile; productRef = EC1F0D3C2AEBED1200D4DBC1 /* Moya */; };
		EC1F0D412AEBEDA900D4DBC1 /* BaseTargetType.swift in Sources */ = {isa = PBXBuildFile; fileRef = EC1F0D402AEBEDA900D4DBC1 /* BaseTargetType.swift */; };
		EC1F0D432AEBEE4B00D4DBC1 /* BaleApi.swift in Sources */ = {isa = PBXBuildFile; fileRef = EC1F0D422AEBEE4B00D4DBC1 /* BaleApi.swift */; };
		EC54FBE22A5EFE5A007911FC /* RswiftLibrary in Frameworks */ = {isa = PBXBuildFile; productRef = EC54FBE12A5EFE5A007911FC /* RswiftLibrary */; };
		ECAAFEE12A5EEFAC00EE8CD3 /* View+Extension.swift in Sources */ = {isa = PBXBuildFile; fileRef = ECAAFEE02A5EEFAC00EE8CD3 /* View+Extension.swift */; };
		ECAAFEE32A5EF00200EE8CD3 /* Spacer+Extension.swift in Sources */ = {isa = PBXBuildFile; fileRef = ECAAFEE22A5EF00200EE8CD3 /* Spacer+Extension.swift */; };
		ECAAFEE62A5EF1B000EE8CD3 /* ErrorHandlingViewModifier.swift in Sources */ = {isa = PBXBuildFile; fileRef = ECAAFEE52A5EF1B000EE8CD3 /* ErrorHandlingViewModifier.swift */; };
		ECAAFEE82A5EF22C00EE8CD3 /* String+Extension.swift in Sources */ = {isa = PBXBuildFile; fileRef = ECAAFEE72A5EF22C00EE8CD3 /* String+Extension.swift */; };
		ECAAFEEA2A5EF27300EE8CD3 /* Character+Extension.swift in Sources */ = {isa = PBXBuildFile; fileRef = ECAAFEE92A5EF27300EE8CD3 /* Character+Extension.swift */; };
		ECAAFEEC2A5EF2BA00EE8CD3 /* DateFormatter+Extension.swift in Sources */ = {isa = PBXBuildFile; fileRef = ECAAFEEB2A5EF2BA00EE8CD3 /* DateFormatter+Extension.swift */; };
		ECAC8D3E2AED4598002B4131 /* BaleRepository.swift in Sources */ = {isa = PBXBuildFile; fileRef = ECAC8D3D2AED4598002B4131 /* BaleRepository.swift */; };
		ECAC8D412AED6654002B4131 /* ApiRequestHandler.swift in Sources */ = {isa = PBXBuildFile; fileRef = ECAC8D402AED6654002B4131 /* ApiRequestHandler.swift */; };
		ECAC8D442AED6C1F002B4131 /* Bale.swift in Sources */ = {isa = PBXBuildFile; fileRef = ECAC8D432AED6C1F002B4131 /* Bale.swift */; };
		ECF266742A560DAF00CE33AD /* BaleTrackerApp.swift in Sources */ = {isa = PBXBuildFile; fileRef = ECF266732A560DAF00CE33AD /* BaleTrackerApp.swift */; };
		ECF266762A560DAF00CE33AD /* ContentView.swift in Sources */ = {isa = PBXBuildFile; fileRef = ECF266752A560DAF00CE33AD /* ContentView.swift */; };
		ECF266782A560DB000CE33AD /* Assets.xcassets in Resources */ = {isa = PBXBuildFile; fileRef = ECF266772A560DB000CE33AD /* Assets.xcassets */; };
		ECF2667B2A560DB000CE33AD /* Preview Assets.xcassets in Resources */ = {isa = PBXBuildFile; fileRef = ECF2667A2A560DB000CE33AD /* Preview Assets.xcassets */; };
		ECF266802A560DB000CE33AD /* BaleTracker.xcdatamodeld in Sources */ = {isa = PBXBuildFile; fileRef = ECF2667E2A560DB000CE33AD /* BaleTracker.xcdatamodeld */; };
		ECF2668A2A560DB000CE33AD /* BaleTrackerTests.swift in Sources */ = {isa = PBXBuildFile; fileRef = ECF266892A560DB000CE33AD /* BaleTrackerTests.swift */; };
		ECF266942A560DB000CE33AD /* BaleTrackerUITests.swift in Sources */ = {isa = PBXBuildFile; fileRef = ECF266932A560DB000CE33AD /* BaleTrackerUITests.swift */; };
		ECF266962A560DB000CE33AD /* BaleTrackerUITestsLaunchTests.swift in Sources */ = {isa = PBXBuildFile; fileRef = ECF266952A560DB000CE33AD /* BaleTrackerUITestsLaunchTests.swift */; };
/* End PBXBuildFile section */

/* Begin PBXContainerItemProxy section */
		ECF266862A560DB000CE33AD /* PBXContainerItemProxy */ = {
			isa = PBXContainerItemProxy;
			containerPortal = ECF266682A560DAF00CE33AD /* Project object */;
			proxyType = 1;
			remoteGlobalIDString = ECF2666F2A560DAF00CE33AD;
			remoteInfo = BaleTracker;
		};
		ECF266902A560DB000CE33AD /* PBXContainerItemProxy */ = {
			isa = PBXContainerItemProxy;
			containerPortal = ECF266682A560DAF00CE33AD /* Project object */;
			proxyType = 1;
			remoteGlobalIDString = ECF2666F2A560DAF00CE33AD;
			remoteInfo = BaleTracker;
		};
/* End PBXContainerItemProxy section */

/* Begin PBXFileReference section */
		EC1F0D402AEBEDA900D4DBC1 /* BaseTargetType.swift */ = {isa = PBXFileReference; lastKnownFileType = sourcecode.swift; path = BaseTargetType.swift; sourceTree = "<group>"; };
		EC1F0D422AEBEE4B00D4DBC1 /* BaleApi.swift */ = {isa = PBXFileReference; lastKnownFileType = sourcecode.swift; path = BaleApi.swift; sourceTree = "<group>"; };
		ECAAFEE02A5EEFAC00EE8CD3 /* View+Extension.swift */ = {isa = PBXFileReference; lastKnownFileType = sourcecode.swift; path = "View+Extension.swift"; sourceTree = "<group>"; };
		ECAAFEE22A5EF00200EE8CD3 /* Spacer+Extension.swift */ = {isa = PBXFileReference; lastKnownFileType = sourcecode.swift; path = "Spacer+Extension.swift"; sourceTree = "<group>"; };
		ECAAFEE52A5EF1B000EE8CD3 /* ErrorHandlingViewModifier.swift */ = {isa = PBXFileReference; lastKnownFileType = sourcecode.swift; path = ErrorHandlingViewModifier.swift; sourceTree = "<group>"; };
		ECAAFEE72A5EF22C00EE8CD3 /* String+Extension.swift */ = {isa = PBXFileReference; lastKnownFileType = sourcecode.swift; path = "String+Extension.swift"; sourceTree = "<group>"; };
		ECAAFEE92A5EF27300EE8CD3 /* Character+Extension.swift */ = {isa = PBXFileReference; lastKnownFileType = sourcecode.swift; path = "Character+Extension.swift"; sourceTree = "<group>"; };
		ECAAFEEB2A5EF2BA00EE8CD3 /* DateFormatter+Extension.swift */ = {isa = PBXFileReference; lastKnownFileType = sourcecode.swift; path = "DateFormatter+Extension.swift"; sourceTree = "<group>"; };
		ECAC8D3D2AED4598002B4131 /* BaleRepository.swift */ = {isa = PBXFileReference; lastKnownFileType = sourcecode.swift; path = BaleRepository.swift; sourceTree = "<group>"; };
		ECAC8D402AED6654002B4131 /* ApiRequestHandler.swift */ = {isa = PBXFileReference; lastKnownFileType = sourcecode.swift; path = ApiRequestHandler.swift; sourceTree = "<group>"; };
		ECAC8D432AED6C1F002B4131 /* Bale.swift */ = {isa = PBXFileReference; lastKnownFileType = sourcecode.swift; path = Bale.swift; sourceTree = "<group>"; };
		ECF266702A560DAF00CE33AD /* BaleTracker.app */ = {isa = PBXFileReference; explicitFileType = wrapper.application; includeInIndex = 0; path = BaleTracker.app; sourceTree = BUILT_PRODUCTS_DIR; };
		ECF266732A560DAF00CE33AD /* BaleTrackerApp.swift */ = {isa = PBXFileReference; lastKnownFileType = sourcecode.swift; path = BaleTrackerApp.swift; sourceTree = "<group>"; };
		ECF266752A560DAF00CE33AD /* ContentView.swift */ = {isa = PBXFileReference; lastKnownFileType = sourcecode.swift; path = ContentView.swift; sourceTree = "<group>"; };
		ECF266772A560DB000CE33AD /* Assets.xcassets */ = {isa = PBXFileReference; lastKnownFileType = folder.assetcatalog; path = Assets.xcassets; sourceTree = "<group>"; };
		ECF2667A2A560DB000CE33AD /* Preview Assets.xcassets */ = {isa = PBXFileReference; lastKnownFileType = folder.assetcatalog; path = "Preview Assets.xcassets"; sourceTree = "<group>"; };
		ECF2667F2A560DB000CE33AD /* BaleTracker.xcdatamodel */ = {isa = PBXFileReference; lastKnownFileType = wrapper.xcdatamodel; path = BaleTracker.xcdatamodel; sourceTree = "<group>"; };
		ECF266852A560DB000CE33AD /* BaleTrackerTests.xctest */ = {isa = PBXFileReference; explicitFileType = wrapper.cfbundle; includeInIndex = 0; path = BaleTrackerTests.xctest; sourceTree = BUILT_PRODUCTS_DIR; };
		ECF266892A560DB000CE33AD /* BaleTrackerTests.swift */ = {isa = PBXFileReference; lastKnownFileType = sourcecode.swift; path = BaleTrackerTests.swift; sourceTree = "<group>"; };
		ECF2668F2A560DB000CE33AD /* BaleTrackerUITests.xctest */ = {isa = PBXFileReference; explicitFileType = wrapper.cfbundle; includeInIndex = 0; path = BaleTrackerUITests.xctest; sourceTree = BUILT_PRODUCTS_DIR; };
		ECF266932A560DB000CE33AD /* BaleTrackerUITests.swift */ = {isa = PBXFileReference; lastKnownFileType = sourcecode.swift; path = BaleTrackerUITests.swift; sourceTree = "<group>"; };
		ECF266952A560DB000CE33AD /* BaleTrackerUITestsLaunchTests.swift */ = {isa = PBXFileReference; lastKnownFileType = sourcecode.swift; path = BaleTrackerUITestsLaunchTests.swift; sourceTree = "<group>"; };
/* End PBXFileReference section */

/* Begin PBXFrameworksBuildPhase section */
		ECF2666D2A560DAF00CE33AD /* Frameworks */ = {
			isa = PBXFrameworksBuildPhase;
			buildActionMask = 2147483647;
			files = (
				EC1F0D3B2AEBED1200D4DBC1 /* CombineMoya in Frameworks */,
				EC54FBE22A5EFE5A007911FC /* RswiftLibrary in Frameworks */,
				EC1F0D3D2AEBED1200D4DBC1 /* Moya in Frameworks */,
			);
			runOnlyForDeploymentPostprocessing = 0;
		};
		ECF266822A560DB000CE33AD /* Frameworks */ = {
			isa = PBXFrameworksBuildPhase;
			buildActionMask = 2147483647;
			files = (
			);
			runOnlyForDeploymentPostprocessing = 0;
		};
		ECF2668C2A560DB000CE33AD /* Frameworks */ = {
			isa = PBXFrameworksBuildPhase;
			buildActionMask = 2147483647;
			files = (
			);
			runOnlyForDeploymentPostprocessing = 0;
		};
/* End PBXFrameworksBuildPhase section */

/* Begin PBXGroup section */
		EC1F0D3E2AEBED2E00D4DBC1 /* Networking */ = {
			isa = PBXGroup;
			children = (
				EC1F0D3F2AEBED9400D4DBC1 /* Services */,
				EC1F0D402AEBEDA900D4DBC1 /* BaseTargetType.swift */,
				ECAC8D402AED6654002B4131 /* ApiRequestHandler.swift */,
			);
			path = Networking;
			sourceTree = "<group>";
		};
		EC1F0D3F2AEBED9400D4DBC1 /* Services */ = {
			isa = PBXGroup;
			children = (
				EC1F0D422AEBEE4B00D4DBC1 /* BaleApi.swift */,
			);
			path = Services;
			sourceTree = "<group>";
		};
		ECAAFED82A5EEE1600EE8CD3 /* Core */ = {
			isa = PBXGroup;
			children = (
				ECF266732A560DAF00CE33AD /* BaleTrackerApp.swift */,
			);
			path = Core;
			sourceTree = "<group>";
		};
		ECAAFED92A5EEE1F00EE8CD3 /* Model */ = {
			isa = PBXGroup;
			children = (
				ECAC8D432AED6C1F002B4131 /* Bale.swift */,
			);
			path = Model;
			sourceTree = "<group>";
		};
		ECAAFEDA2A5EEE2800EE8CD3 /* UI */ = {
			isa = PBXGroup;
			children = (
				ECF266752A560DAF00CE33AD /* ContentView.swift */,
			);
			path = UI;
			sourceTree = "<group>";
		};
		ECAAFEDB2A5EEE3900EE8CD3 /* Repositories */ = {
			isa = PBXGroup;
			children = (
				ECAC8D3D2AED4598002B4131 /* BaleRepository.swift */,
			);
			path = Repositories;
			sourceTree = "<group>";
		};
		ECAAFEDD2A5EEF1000EE8CD3 /* Utils */ = {
			isa = PBXGroup;
			children = (
			);
			path = Utils;
			sourceTree = "<group>";
		};
		ECAAFEDF2A5EEF8300EE8CD3 /* Extensions */ = {
			isa = PBXGroup;
			children = (
				ECAAFEE02A5EEFAC00EE8CD3 /* View+Extension.swift */,
				ECAAFEE22A5EF00200EE8CD3 /* Spacer+Extension.swift */,
				ECAAFEE72A5EF22C00EE8CD3 /* String+Extension.swift */,
				ECAAFEE92A5EF27300EE8CD3 /* Character+Extension.swift */,
				ECAAFEEB2A5EF2BA00EE8CD3 /* DateFormatter+Extension.swift */,
			);
			path = Extensions;
			sourceTree = "<group>";
		};
		ECAAFEE42A5EF17200EE8CD3 /* Error */ = {
			isa = PBXGroup;
			children = (
				ECAAFEE52A5EF1B000EE8CD3 /* ErrorHandlingViewModifier.swift */,
			);
			path = Error;
			sourceTree = "<group>";
		};
		ECF266672A560DAF00CE33AD = {
			isa = PBXGroup;
			children = (
				ECF266722A560DAF00CE33AD /* BaleTracker */,
				ECF266882A560DB000CE33AD /* BaleTrackerTests */,
				ECF266922A560DB000CE33AD /* BaleTrackerUITests */,
				ECF266712A560DAF00CE33AD /* Products */,
			);
			sourceTree = "<group>";
		};
		ECF266712A560DAF00CE33AD /* Products */ = {
			isa = PBXGroup;
			children = (
				ECF266702A560DAF00CE33AD /* BaleTracker.app */,
				ECF266852A560DB000CE33AD /* BaleTrackerTests.xctest */,
				ECF2668F2A560DB000CE33AD /* BaleTrackerUITests.xctest */,
			);
			name = Products;
			sourceTree = "<group>";
		};
		ECF266722A560DAF00CE33AD /* BaleTracker */ = {
			isa = PBXGroup;
			children = (
				EC1F0D3E2AEBED2E00D4DBC1 /* Networking */,
				ECAAFED82A5EEE1600EE8CD3 /* Core */,
				ECAAFEDA2A5EEE2800EE8CD3 /* UI */,
				ECAAFED92A5EEE1F00EE8CD3 /* Model */,
				ECAAFEDD2A5EEF1000EE8CD3 /* Utils */,
				ECAAFEDB2A5EEE3900EE8CD3 /* Repositories */,
				ECAAFEE42A5EF17200EE8CD3 /* Error */,
				ECAAFEDF2A5EEF8300EE8CD3 /* Extensions */,
				ECF266772A560DB000CE33AD /* Assets.xcassets */,
				ECF2667E2A560DB000CE33AD /* BaleTracker.xcdatamodeld */,
				ECF266792A560DB000CE33AD /* Preview Content */,
			);
			path = BaleTracker;
			sourceTree = "<group>";
		};
		ECF266792A560DB000CE33AD /* Preview Content */ = {
			isa = PBXGroup;
			children = (
				ECF2667A2A560DB000CE33AD /* Preview Assets.xcassets */,
			);
			path = "Preview Content";
			sourceTree = "<group>";
		};
		ECF266882A560DB000CE33AD /* BaleTrackerTests */ = {
			isa = PBXGroup;
			children = (
				ECF266892A560DB000CE33AD /* BaleTrackerTests.swift */,
			);
			path = BaleTrackerTests;
			sourceTree = "<group>";
		};
		ECF266922A560DB000CE33AD /* BaleTrackerUITests */ = {
			isa = PBXGroup;
			children = (
				ECF266932A560DB000CE33AD /* BaleTrackerUITests.swift */,
				ECF266952A560DB000CE33AD /* BaleTrackerUITestsLaunchTests.swift */,
			);
			path = BaleTrackerUITests;
			sourceTree = "<group>";
		};
/* End PBXGroup section */

/* Begin PBXNativeTarget section */
		ECF2666F2A560DAF00CE33AD /* BaleTracker */ = {
			isa = PBXNativeTarget;
			buildConfigurationList = ECF266992A560DB000CE33AD /* Build configuration list for PBXNativeTarget "BaleTracker" */;
			buildPhases = (
				ECF2666C2A560DAF00CE33AD /* Sources */,
				ECF2666D2A560DAF00CE33AD /* Frameworks */,
				ECF2666E2A560DAF00CE33AD /* Resources */,
			);
			buildRules = (
			);
			dependencies = (
				EC54FBE42A5EFE66007911FC /* PBXTargetDependency */,
			);
			name = BaleTracker;
			packageProductDependencies = (
				EC54FBE12A5EFE5A007911FC /* RswiftLibrary */,
				EC1F0D3A2AEBED1200D4DBC1 /* CombineMoya */,
				EC1F0D3C2AEBED1200D4DBC1 /* Moya */,
			);
			productName = BaleTracker;
			productReference = ECF266702A560DAF00CE33AD /* BaleTracker.app */;
			productType = "com.apple.product-type.application";
		};
		ECF266842A560DB000CE33AD /* BaleTrackerTests */ = {
			isa = PBXNativeTarget;
			buildConfigurationList = ECF2669C2A560DB000CE33AD /* Build configuration list for PBXNativeTarget "BaleTrackerTests" */;
			buildPhases = (
				ECF266812A560DB000CE33AD /* Sources */,
				ECF266822A560DB000CE33AD /* Frameworks */,
				ECF266832A560DB000CE33AD /* Resources */,
			);
			buildRules = (
			);
			dependencies = (
				ECF266872A560DB000CE33AD /* PBXTargetDependency */,
			);
			name = BaleTrackerTests;
			productName = BaleTrackerTests;
			productReference = ECF266852A560DB000CE33AD /* BaleTrackerTests.xctest */;
			productType = "com.apple.product-type.bundle.unit-test";
		};
		ECF2668E2A560DB000CE33AD /* BaleTrackerUITests */ = {
			isa = PBXNativeTarget;
			buildConfigurationList = ECF2669F2A560DB000CE33AD /* Build configuration list for PBXNativeTarget "BaleTrackerUITests" */;
			buildPhases = (
				ECF2668B2A560DB000CE33AD /* Sources */,
				ECF2668C2A560DB000CE33AD /* Frameworks */,
				ECF2668D2A560DB000CE33AD /* Resources */,
			);
			buildRules = (
			);
			dependencies = (
				ECF266912A560DB000CE33AD /* PBXTargetDependency */,
			);
			name = BaleTrackerUITests;
			productName = BaleTrackerUITests;
			productReference = ECF2668F2A560DB000CE33AD /* BaleTrackerUITests.xctest */;
			productType = "com.apple.product-type.bundle.ui-testing";
		};
/* End PBXNativeTarget section */

/* Begin PBXProject section */
		ECF266682A560DAF00CE33AD /* Project object */ = {
			isa = PBXProject;
			attributes = {
				BuildIndependentTargetsInParallel = 1;
				LastSwiftUpdateCheck = 1430;
				LastUpgradeCheck = 1430;
				TargetAttributes = {
					ECF2666F2A560DAF00CE33AD = {
						CreatedOnToolsVersion = 14.3;
					};
					ECF266842A560DB000CE33AD = {
						CreatedOnToolsVersion = 14.3;
						TestTargetID = ECF2666F2A560DAF00CE33AD;
					};
					ECF2668E2A560DB000CE33AD = {
						CreatedOnToolsVersion = 14.3;
						TestTargetID = ECF2666F2A560DAF00CE33AD;
					};
				};
			};
			buildConfigurationList = ECF2666B2A560DAF00CE33AD /* Build configuration list for PBXProject "BaleTracker" */;
			compatibilityVersion = "Xcode 14.0";
			developmentRegion = en;
			hasScannedForEncodings = 0;
			knownRegions = (
				en,
				Base,
			);
			mainGroup = ECF266672A560DAF00CE33AD;
			packageReferences = (
				EC54FBE02A5EFE5A007911FC /* XCRemoteSwiftPackageReference "R" */,
				EC1F0D392AEBED1200D4DBC1 /* XCRemoteSwiftPackageReference "Moya" */,
			);
			productRefGroup = ECF266712A560DAF00CE33AD /* Products */;
			projectDirPath = "";
			projectRoot = "";
			targets = (
				ECF2666F2A560DAF00CE33AD /* BaleTracker */,
				ECF266842A560DB000CE33AD /* BaleTrackerTests */,
				ECF2668E2A560DB000CE33AD /* BaleTrackerUITests */,
			);
		};
/* End PBXProject section */

/* Begin PBXResourcesBuildPhase section */
		ECF2666E2A560DAF00CE33AD /* Resources */ = {
			isa = PBXResourcesBuildPhase;
			buildActionMask = 2147483647;
			files = (
				ECF2667B2A560DB000CE33AD /* Preview Assets.xcassets in Resources */,
				ECF266782A560DB000CE33AD /* Assets.xcassets in Resources */,
			);
			runOnlyForDeploymentPostprocessing = 0;
		};
		ECF266832A560DB000CE33AD /* Resources */ = {
			isa = PBXResourcesBuildPhase;
			buildActionMask = 2147483647;
			files = (
			);
			runOnlyForDeploymentPostprocessing = 0;
		};
		ECF2668D2A560DB000CE33AD /* Resources */ = {
			isa = PBXResourcesBuildPhase;
			buildActionMask = 2147483647;
			files = (
			);
			runOnlyForDeploymentPostprocessing = 0;
		};
/* End PBXResourcesBuildPhase section */

/* Begin PBXSourcesBuildPhase section */
		ECF2666C2A560DAF00CE33AD /* Sources */ = {
			isa = PBXSourcesBuildPhase;
			buildActionMask = 2147483647;
			files = (
				ECF266802A560DB000CE33AD /* BaleTracker.xcdatamodeld in Sources */,
				ECAAFEEA2A5EF27300EE8CD3 /* Character+Extension.swift in Sources */,
				ECAAFEE82A5EF22C00EE8CD3 /* String+Extension.swift in Sources */,
				ECF266762A560DAF00CE33AD /* ContentView.swift in Sources */,
				ECAAFEE12A5EEFAC00EE8CD3 /* View+Extension.swift in Sources */,
				ECAC8D442AED6C1F002B4131 /* Bale.swift in Sources */,
				EC1F0D432AEBEE4B00D4DBC1 /* BaleApi.swift in Sources */,
				EC1F0D412AEBEDA900D4DBC1 /* BaseTargetType.swift in Sources */,
				ECAC8D3E2AED4598002B4131 /* BaleRepository.swift in Sources */,
				ECAC8D412AED6654002B4131 /* ApiRequestHandler.swift in Sources */,
				ECAAFEEC2A5EF2BA00EE8CD3 /* DateFormatter+Extension.swift in Sources */,
				ECF266742A560DAF00CE33AD /* BaleTrackerApp.swift in Sources */,
				ECAAFEE32A5EF00200EE8CD3 /* Spacer+Extension.swift in Sources */,
				ECAAFEE62A5EF1B000EE8CD3 /* ErrorHandlingViewModifier.swift in Sources */,
			);
			runOnlyForDeploymentPostprocessing = 0;
		};
		ECF266812A560DB000CE33AD /* Sources */ = {
			isa = PBXSourcesBuildPhase;
			buildActionMask = 2147483647;
			files = (
				ECF2668A2A560DB000CE33AD /* BaleTrackerTests.swift in Sources */,
			);
			runOnlyForDeploymentPostprocessing = 0;
		};
		ECF2668B2A560DB000CE33AD /* Sources */ = {
			isa = PBXSourcesBuildPhase;
			buildActionMask = 2147483647;
			files = (
				ECF266942A560DB000CE33AD /* BaleTrackerUITests.swift in Sources */,
				ECF266962A560DB000CE33AD /* BaleTrackerUITestsLaunchTests.swift in Sources */,
			);
			runOnlyForDeploymentPostprocessing = 0;
		};
/* End PBXSourcesBuildPhase section */

/* Begin PBXTargetDependency section */
		EC54FBE42A5EFE66007911FC /* PBXTargetDependency */ = {
			isa = PBXTargetDependency;
			productRef = EC54FBE32A5EFE66007911FC /* RswiftGenerateInternalResources */;
		};
		ECF266872A560DB000CE33AD /* PBXTargetDependency */ = {
			isa = PBXTargetDependency;
			target = ECF2666F2A560DAF00CE33AD /* BaleTracker */;
			targetProxy = ECF266862A560DB000CE33AD /* PBXContainerItemProxy */;
		};
		ECF266912A560DB000CE33AD /* PBXTargetDependency */ = {
			isa = PBXTargetDependency;
			target = ECF2666F2A560DAF00CE33AD /* BaleTracker */;
			targetProxy = ECF266902A560DB000CE33AD /* PBXContainerItemProxy */;
		};
/* End PBXTargetDependency section */

/* Begin XCBuildConfiguration section */
		ECF266972A560DB000CE33AD /* Debug */ = {
			isa = XCBuildConfiguration;
			buildSettings = {
				ALWAYS_SEARCH_USER_PATHS = NO;
				CLANG_ANALYZER_NONNULL = YES;
				CLANG_ANALYZER_NUMBER_OBJECT_CONVERSION = YES_AGGRESSIVE;
				CLANG_CXX_LANGUAGE_STANDARD = "gnu++20";
				CLANG_ENABLE_MODULES = YES;
				CLANG_ENABLE_OBJC_ARC = YES;
				CLANG_ENABLE_OBJC_WEAK = YES;
				CLANG_WARN_BLOCK_CAPTURE_AUTORELEASING = YES;
				CLANG_WARN_BOOL_CONVERSION = YES;
				CLANG_WARN_COMMA = YES;
				CLANG_WARN_CONSTANT_CONVERSION = YES;
				CLANG_WARN_DEPRECATED_OBJC_IMPLEMENTATIONS = YES;
				CLANG_WARN_DIRECT_OBJC_ISA_USAGE = YES_ERROR;
				CLANG_WARN_DOCUMENTATION_COMMENTS = YES;
				CLANG_WARN_EMPTY_BODY = YES;
				CLANG_WARN_ENUM_CONVERSION = YES;
				CLANG_WARN_INFINITE_RECURSION = YES;
				CLANG_WARN_INT_CONVERSION = YES;
				CLANG_WARN_NON_LITERAL_NULL_CONVERSION = YES;
				CLANG_WARN_OBJC_IMPLICIT_RETAIN_SELF = YES;
				CLANG_WARN_OBJC_LITERAL_CONVERSION = YES;
				CLANG_WARN_OBJC_ROOT_CLASS = YES_ERROR;
				CLANG_WARN_QUOTED_INCLUDE_IN_FRAMEWORK_HEADER = YES;
				CLANG_WARN_RANGE_LOOP_ANALYSIS = YES;
				CLANG_WARN_STRICT_PROTOTYPES = YES;
				CLANG_WARN_SUSPICIOUS_MOVE = YES;
				CLANG_WARN_UNGUARDED_AVAILABILITY = YES_AGGRESSIVE;
				CLANG_WARN_UNREACHABLE_CODE = YES;
				CLANG_WARN__DUPLICATE_METHOD_MATCH = YES;
				COPY_PHASE_STRIP = NO;
				DEBUG_INFORMATION_FORMAT = dwarf;
				ENABLE_STRICT_OBJC_MSGSEND = YES;
				ENABLE_TESTABILITY = YES;
				GCC_C_LANGUAGE_STANDARD = gnu11;
				GCC_DYNAMIC_NO_PIC = NO;
				GCC_NO_COMMON_BLOCKS = YES;
				GCC_OPTIMIZATION_LEVEL = 0;
				GCC_PREPROCESSOR_DEFINITIONS = (
					"DEBUG=1",
					"$(inherited)",
				);
				GCC_WARN_64_TO_32_BIT_CONVERSION = YES;
				GCC_WARN_ABOUT_RETURN_TYPE = YES_ERROR;
				GCC_WARN_UNDECLARED_SELECTOR = YES;
				GCC_WARN_UNINITIALIZED_AUTOS = YES_AGGRESSIVE;
				GCC_WARN_UNUSED_FUNCTION = YES;
				GCC_WARN_UNUSED_VARIABLE = YES;
				IPHONEOS_DEPLOYMENT_TARGET = 16.4;
				MTL_ENABLE_DEBUG_INFO = INCLUDE_SOURCE;
				MTL_FAST_MATH = YES;
				ONLY_ACTIVE_ARCH = YES;
				SDKROOT = iphoneos;
				SWIFT_ACTIVE_COMPILATION_CONDITIONS = DEBUG;
				SWIFT_OPTIMIZATION_LEVEL = "-Onone";
			};
			name = Debug;
		};
		ECF266982A560DB000CE33AD /* Release */ = {
			isa = XCBuildConfiguration;
			buildSettings = {
				ALWAYS_SEARCH_USER_PATHS = NO;
				CLANG_ANALYZER_NONNULL = YES;
				CLANG_ANALYZER_NUMBER_OBJECT_CONVERSION = YES_AGGRESSIVE;
				CLANG_CXX_LANGUAGE_STANDARD = "gnu++20";
				CLANG_ENABLE_MODULES = YES;
				CLANG_ENABLE_OBJC_ARC = YES;
				CLANG_ENABLE_OBJC_WEAK = YES;
				CLANG_WARN_BLOCK_CAPTURE_AUTORELEASING = YES;
				CLANG_WARN_BOOL_CONVERSION = YES;
				CLANG_WARN_COMMA = YES;
				CLANG_WARN_CONSTANT_CONVERSION = YES;
				CLANG_WARN_DEPRECATED_OBJC_IMPLEMENTATIONS = YES;
				CLANG_WARN_DIRECT_OBJC_ISA_USAGE = YES_ERROR;
				CLANG_WARN_DOCUMENTATION_COMMENTS = YES;
				CLANG_WARN_EMPTY_BODY = YES;
				CLANG_WARN_ENUM_CONVERSION = YES;
				CLANG_WARN_INFINITE_RECURSION = YES;
				CLANG_WARN_INT_CONVERSION = YES;
				CLANG_WARN_NON_LITERAL_NULL_CONVERSION = YES;
				CLANG_WARN_OBJC_IMPLICIT_RETAIN_SELF = YES;
				CLANG_WARN_OBJC_LITERAL_CONVERSION = YES;
				CLANG_WARN_OBJC_ROOT_CLASS = YES_ERROR;
				CLANG_WARN_QUOTED_INCLUDE_IN_FRAMEWORK_HEADER = YES;
				CLANG_WARN_RANGE_LOOP_ANALYSIS = YES;
				CLANG_WARN_STRICT_PROTOTYPES = YES;
				CLANG_WARN_SUSPICIOUS_MOVE = YES;
				CLANG_WARN_UNGUARDED_AVAILABILITY = YES_AGGRESSIVE;
				CLANG_WARN_UNREACHABLE_CODE = YES;
				CLANG_WARN__DUPLICATE_METHOD_MATCH = YES;
				COPY_PHASE_STRIP = NO;
				DEBUG_INFORMATION_FORMAT = "dwarf-with-dsym";
				ENABLE_NS_ASSERTIONS = NO;
				ENABLE_STRICT_OBJC_MSGSEND = YES;
				GCC_C_LANGUAGE_STANDARD = gnu11;
				GCC_NO_COMMON_BLOCKS = YES;
				GCC_WARN_64_TO_32_BIT_CONVERSION = YES;
				GCC_WARN_ABOUT_RETURN_TYPE = YES_ERROR;
				GCC_WARN_UNDECLARED_SELECTOR = YES;
				GCC_WARN_UNINITIALIZED_AUTOS = YES_AGGRESSIVE;
				GCC_WARN_UNUSED_FUNCTION = YES;
				GCC_WARN_UNUSED_VARIABLE = YES;
				IPHONEOS_DEPLOYMENT_TARGET = 16.4;
				MTL_ENABLE_DEBUG_INFO = NO;
				MTL_FAST_MATH = YES;
				SDKROOT = iphoneos;
				SWIFT_COMPILATION_MODE = wholemodule;
				SWIFT_OPTIMIZATION_LEVEL = "-O";
				VALIDATE_PRODUCT = YES;
			};
			name = Release;
		};
		ECF2669A2A560DB000CE33AD /* Debug */ = {
			isa = XCBuildConfiguration;
			buildSettings = {
				ASSETCATALOG_COMPILER_APPICON_NAME = AppIcon;
				ASSETCATALOG_COMPILER_GLOBAL_ACCENT_COLOR_NAME = AccentColor;
				CODE_SIGN_STYLE = Automatic;
				CURRENT_PROJECT_VERSION = 1;
				DEVELOPMENT_ASSET_PATHS = "\"BaleTracker/Preview Content\"";
				DEVELOPMENT_TEAM = WNK6N53S3L;
				ENABLE_PREVIEWS = YES;
				GENERATE_INFOPLIST_FILE = YES;
				INFOPLIST_KEY_UIApplicationSceneManifest_Generation = YES;
				INFOPLIST_KEY_UIApplicationSupportsIndirectInputEvents = YES;
				INFOPLIST_KEY_UILaunchScreen_Generation = YES;
				INFOPLIST_KEY_UISupportedInterfaceOrientations_iPad = "UIInterfaceOrientationPortrait UIInterfaceOrientationPortraitUpsideDown UIInterfaceOrientationLandscapeLeft UIInterfaceOrientationLandscapeRight";
				INFOPLIST_KEY_UISupportedInterfaceOrientations_iPhone = "UIInterfaceOrientationPortrait UIInterfaceOrientationLandscapeLeft UIInterfaceOrientationLandscapeRight";
				LD_RUNPATH_SEARCH_PATHS = (
					"$(inherited)",
					"@executable_path/Frameworks",
				);
				MARKETING_VERSION = 1.0;
				PRODUCT_BUNDLE_IDENTIFIER = com.SimonGoller.BaleTracker;
				PRODUCT_NAME = "$(TARGET_NAME)";
				SWIFT_EMIT_LOC_STRINGS = YES;
				SWIFT_VERSION = 5.0;
				TARGETED_DEVICE_FAMILY = "1,2";
			};
			name = Debug;
		};
		ECF2669B2A560DB000CE33AD /* Release */ = {
			isa = XCBuildConfiguration;
			buildSettings = {
				ASSETCATALOG_COMPILER_APPICON_NAME = AppIcon;
				ASSETCATALOG_COMPILER_GLOBAL_ACCENT_COLOR_NAME = AccentColor;
				CODE_SIGN_STYLE = Automatic;
				CURRENT_PROJECT_VERSION = 1;
				DEVELOPMENT_ASSET_PATHS = "\"BaleTracker/Preview Content\"";
				DEVELOPMENT_TEAM = WNK6N53S3L;
				ENABLE_PREVIEWS = YES;
				GENERATE_INFOPLIST_FILE = YES;
				INFOPLIST_KEY_UIApplicationSceneManifest_Generation = YES;
				INFOPLIST_KEY_UIApplicationSupportsIndirectInputEvents = YES;
				INFOPLIST_KEY_UILaunchScreen_Generation = YES;
				INFOPLIST_KEY_UISupportedInterfaceOrientations_iPad = "UIInterfaceOrientationPortrait UIInterfaceOrientationPortraitUpsideDown UIInterfaceOrientationLandscapeLeft UIInterfaceOrientationLandscapeRight";
				INFOPLIST_KEY_UISupportedInterfaceOrientations_iPhone = "UIInterfaceOrientationPortrait UIInterfaceOrientationLandscapeLeft UIInterfaceOrientationLandscapeRight";
				LD_RUNPATH_SEARCH_PATHS = (
					"$(inherited)",
					"@executable_path/Frameworks",
				);
				MARKETING_VERSION = 1.0;
				PRODUCT_BUNDLE_IDENTIFIER = com.SimonGoller.BaleTracker;
				PRODUCT_NAME = "$(TARGET_NAME)";
				SWIFT_EMIT_LOC_STRINGS = YES;
				SWIFT_VERSION = 5.0;
				TARGETED_DEVICE_FAMILY = "1,2";
			};
			name = Release;
		};
		ECF2669D2A560DB000CE33AD /* Debug */ = {
			isa = XCBuildConfiguration;
			buildSettings = {
				ALWAYS_EMBED_SWIFT_STANDARD_LIBRARIES = YES;
				BUNDLE_LOADER = "$(TEST_HOST)";
				CODE_SIGN_STYLE = Automatic;
				CURRENT_PROJECT_VERSION = 1;
				DEVELOPMENT_TEAM = WNK6N53S3L;
				GENERATE_INFOPLIST_FILE = YES;
				IPHONEOS_DEPLOYMENT_TARGET = 16.4;
				MARKETING_VERSION = 1.0;
				PRODUCT_BUNDLE_IDENTIFIER = com.SimonGoller.BaleTrackerTests;
				PRODUCT_NAME = "$(TARGET_NAME)";
				SWIFT_EMIT_LOC_STRINGS = NO;
				SWIFT_VERSION = 5.0;
				TARGETED_DEVICE_FAMILY = "1,2";
				TEST_HOST = "$(BUILT_PRODUCTS_DIR)/BaleTracker.app/$(BUNDLE_EXECUTABLE_FOLDER_PATH)/BaleTracker";
			};
			name = Debug;
		};
		ECF2669E2A560DB000CE33AD /* Release */ = {
			isa = XCBuildConfiguration;
			buildSettings = {
				ALWAYS_EMBED_SWIFT_STANDARD_LIBRARIES = YES;
				BUNDLE_LOADER = "$(TEST_HOST)";
				CODE_SIGN_STYLE = Automatic;
				CURRENT_PROJECT_VERSION = 1;
				DEVELOPMENT_TEAM = WNK6N53S3L;
				GENERATE_INFOPLIST_FILE = YES;
				IPHONEOS_DEPLOYMENT_TARGET = 16.4;
				MARKETING_VERSION = 1.0;
				PRODUCT_BUNDLE_IDENTIFIER = com.SimonGoller.BaleTrackerTests;
				PRODUCT_NAME = "$(TARGET_NAME)";
				SWIFT_EMIT_LOC_STRINGS = NO;
				SWIFT_VERSION = 5.0;
				TARGETED_DEVICE_FAMILY = "1,2";
				TEST_HOST = "$(BUILT_PRODUCTS_DIR)/BaleTracker.app/$(BUNDLE_EXECUTABLE_FOLDER_PATH)/BaleTracker";
			};
			name = Release;
		};
		ECF266A02A560DB000CE33AD /* Debug */ = {
			isa = XCBuildConfiguration;
			buildSettings = {
				ALWAYS_EMBED_SWIFT_STANDARD_LIBRARIES = YES;
				CODE_SIGN_STYLE = Automatic;
				CURRENT_PROJECT_VERSION = 1;
				DEVELOPMENT_TEAM = WNK6N53S3L;
				GENERATE_INFOPLIST_FILE = YES;
				MARKETING_VERSION = 1.0;
				PRODUCT_BUNDLE_IDENTIFIER = com.SimonGoller.BaleTrackerUITests;
				PRODUCT_NAME = "$(TARGET_NAME)";
				SWIFT_EMIT_LOC_STRINGS = NO;
				SWIFT_VERSION = 5.0;
				TARGETED_DEVICE_FAMILY = "1,2";
				TEST_TARGET_NAME = BaleTracker;
			};
			name = Debug;
		};
		ECF266A12A560DB000CE33AD /* Release */ = {
			isa = XCBuildConfiguration;
			buildSettings = {
				ALWAYS_EMBED_SWIFT_STANDARD_LIBRARIES = YES;
				CODE_SIGN_STYLE = Automatic;
				CURRENT_PROJECT_VERSION = 1;
				DEVELOPMENT_TEAM = WNK6N53S3L;
				GENERATE_INFOPLIST_FILE = YES;
				MARKETING_VERSION = 1.0;
				PRODUCT_BUNDLE_IDENTIFIER = com.SimonGoller.BaleTrackerUITests;
				PRODUCT_NAME = "$(TARGET_NAME)";
				SWIFT_EMIT_LOC_STRINGS = NO;
				SWIFT_VERSION = 5.0;
				TARGETED_DEVICE_FAMILY = "1,2";
				TEST_TARGET_NAME = BaleTracker;
			};
			name = Release;
		};
/* End XCBuildConfiguration section */

/* Begin XCConfigurationList section */
		ECF2666B2A560DAF00CE33AD /* Build configuration list for PBXProject "BaleTracker" */ = {
			isa = XCConfigurationList;
			buildConfigurations = (
				ECF266972A560DB000CE33AD /* Debug */,
				ECF266982A560DB000CE33AD /* Release */,
			);
			defaultConfigurationIsVisible = 0;
			defaultConfigurationName = Release;
		};
		ECF266992A560DB000CE33AD /* Build configuration list for PBXNativeTarget "BaleTracker" */ = {
			isa = XCConfigurationList;
			buildConfigurations = (
				ECF2669A2A560DB000CE33AD /* Debug */,
				ECF2669B2A560DB000CE33AD /* Release */,
			);
			defaultConfigurationIsVisible = 0;
			defaultConfigurationName = Release;
		};
		ECF2669C2A560DB000CE33AD /* Build configuration list for PBXNativeTarget "BaleTrackerTests" */ = {
			isa = XCConfigurationList;
			buildConfigurations = (
				ECF2669D2A560DB000CE33AD /* Debug */,
				ECF2669E2A560DB000CE33AD /* Release */,
			);
			defaultConfigurationIsVisible = 0;
			defaultConfigurationName = Release;
		};
		ECF2669F2A560DB000CE33AD /* Build configuration list for PBXNativeTarget "BaleTrackerUITests" */ = {
			isa = XCConfigurationList;
			buildConfigurations = (
				ECF266A02A560DB000CE33AD /* Debug */,
				ECF266A12A560DB000CE33AD /* Release */,
			);
			defaultConfigurationIsVisible = 0;
			defaultConfigurationName = Release;
		};
/* End XCConfigurationList section */

/* Begin XCRemoteSwiftPackageReference section */
		EC1F0D392AEBED1200D4DBC1 /* XCRemoteSwiftPackageReference "Moya" */ = {
			isa = XCRemoteSwiftPackageReference;
			repositoryURL = "https://github.com/Moya/Moya.git";
			requirement = {
				kind = upToNextMajorVersion;
				minimumVersion = 15.0.0;
			};
		};
		EC54FBE02A5EFE5A007911FC /* XCRemoteSwiftPackageReference "R" */ = {
			isa = XCRemoteSwiftPackageReference;
			repositoryURL = "https://github.com/mac-cain13/R.swift";
			requirement = {
				kind = upToNextMinorVersion;
				minimumVersion = 7.3.0;
			};
		};
/* End XCRemoteSwiftPackageReference section */

/* Begin XCSwiftPackageProductDependency section */
		EC1F0D3A2AEBED1200D4DBC1 /* CombineMoya */ = {
			isa = XCSwiftPackageProductDependency;
			package = EC1F0D392AEBED1200D4DBC1 /* XCRemoteSwiftPackageReference "Moya" */;
			productName = CombineMoya;
		};
		EC1F0D3C2AEBED1200D4DBC1 /* Moya */ = {
			isa = XCSwiftPackageProductDependency;
			package = EC1F0D392AEBED1200D4DBC1 /* XCRemoteSwiftPackageReference "Moya" */;
			productName = Moya;
		};
		EC54FBE12A5EFE5A007911FC /* RswiftLibrary */ = {
			isa = XCSwiftPackageProductDependency;
			package = EC54FBE02A5EFE5A007911FC /* XCRemoteSwiftPackageReference "R" */;
			productName = RswiftLibrary;
		};
		EC54FBE32A5EFE66007911FC /* RswiftGenerateInternalResources */ = {
			isa = XCSwiftPackageProductDependency;
			productName = "plugin:RswiftGenerateInternalResources";
		};
/* End XCSwiftPackageProductDependency section */

/* Begin XCVersionGroup section */
		ECF2667E2A560DB000CE33AD /* BaleTracker.xcdatamodeld */ = {
			isa = XCVersionGroup;
			children = (
				ECF2667F2A560DB000CE33AD /* BaleTracker.xcdatamodel */,
			);
			currentVersion = ECF2667F2A560DB000CE33AD /* BaleTracker.xcdatamodel */;
			path = BaleTracker.xcdatamodeld;
			sourceTree = "<group>";
			versionGroupType = wrapper.xcdatamodel;
		};
/* End XCVersionGroup section */
	};
	rootObject = ECF266682A560DAF00CE33AD /* Project object */;
}
