// !$*UTF8*$!
{
	archiveVersion = 1;
	classes = {
	};
	objectVersion = 56;
	objects = {

/* Begin PBXBuildFile section */
		EC0B694F2AF7C126002A18B9 /* Localizable.strings in Resources */ = {isa = PBXBuildFile; fileRef = EC0B69512AF7C126002A18B9 /* Localizable.strings */; };
		EC0EB7DB2B53270600098AFA /* DateDecodingStrategy+Extension.swift in Sources */ = {isa = PBXBuildFile; fileRef = EC0EB7DA2B53270600098AFA /* DateDecodingStrategy+Extension.swift */; };
		EC134AA62B3C6BE100CE43E6 /* BalesNearYouView.swift in Sources */ = {isa = PBXBuildFile; fileRef = EC134AA52B3C6BE100CE43E6 /* BalesNearYouView.swift */; };
		EC134AAD2B3C6E8600CE43E6 /* BalesNearYouViewModel.swift in Sources */ = {isa = PBXBuildFile; fileRef = EC134AAC2B3C6E8600CE43E6 /* BalesNearYouViewModel.swift */; };
		EC1807852B373E5E009453F7 /* BaleAnnotation.swift in Sources */ = {isa = PBXBuildFile; fileRef = EC1807842B373E5E009453F7 /* BaleAnnotation.swift */; };
		EC19B6EB2B547F01001A86B4 /* AccountSettingsView.swift in Sources */ = {isa = PBXBuildFile; fileRef = EC19B6EA2B547F01001A86B4 /* AccountSettingsView.swift */; };
		EC1F0D3B2AEBED1200D4DBC1 /* CombineMoya in Frameworks */ = {isa = PBXBuildFile; productRef = EC1F0D3A2AEBED1200D4DBC1 /* CombineMoya */; };
		EC1F0D3D2AEBED1200D4DBC1 /* Moya in Frameworks */ = {isa = PBXBuildFile; productRef = EC1F0D3C2AEBED1200D4DBC1 /* Moya */; };
		EC1F0D412AEBEDA900D4DBC1 /* BaseTargetType.swift in Sources */ = {isa = PBXBuildFile; fileRef = EC1F0D402AEBEDA900D4DBC1 /* BaseTargetType.swift */; };
		EC1F0D432AEBEE4B00D4DBC1 /* BaleApi.swift in Sources */ = {isa = PBXBuildFile; fileRef = EC1F0D422AEBEE4B00D4DBC1 /* BaleApi.swift */; };
		EC2D3CA82AFAD44C00059781 /* CreateNewFarmView.swift in Sources */ = {isa = PBXBuildFile; fileRef = EC2D3CA72AFAD44C00059781 /* CreateNewFarmView.swift */; };
		EC2D3CAB2AFAD47300059781 /* CreateNewFarmViewModel.swift in Sources */ = {isa = PBXBuildFile; fileRef = EC2D3CAA2AFAD47300059781 /* CreateNewFarmViewModel.swift */; };
		EC320B512B34B54100F50B25 /* LocationPermission.swift in Sources */ = {isa = PBXBuildFile; fileRef = EC320B502B34B54100F50B25 /* LocationPermission.swift */; };
		EC320B542B34BC0600F50B25 /* MapTypeSelectionView.swift in Sources */ = {isa = PBXBuildFile; fileRef = EC320B532B34BC0600F50B25 /* MapTypeSelectionView.swift */; };
		EC3DF0062AF7C868006B29E0 /* ContentViewModel.swift in Sources */ = {isa = PBXBuildFile; fileRef = EC3DF0042AF7C868006B29E0 /* ContentViewModel.swift */; };
		EC3DF0072AF7C868006B29E0 /* ContentView.swift in Sources */ = {isa = PBXBuildFile; fileRef = EC3DF0052AF7C868006B29E0 /* ContentView.swift */; };
		EC3DF00A2AF7C878006B29E0 /* FarmView.swift in Sources */ = {isa = PBXBuildFile; fileRef = EC3DF0082AF7C878006B29E0 /* FarmView.swift */; };
		EC3DF00B2AF7C878006B29E0 /* FarmViewModel.swift in Sources */ = {isa = PBXBuildFile; fileRef = EC3DF0092AF7C878006B29E0 /* FarmViewModel.swift */; };
		EC3DF00E2AF7C885006B29E0 /* MapViewModel.swift in Sources */ = {isa = PBXBuildFile; fileRef = EC3DF00C2AF7C885006B29E0 /* MapViewModel.swift */; };
		EC3DF00F2AF7C885006B29E0 /* MapView.swift in Sources */ = {isa = PBXBuildFile; fileRef = EC3DF00D2AF7C885006B29E0 /* MapView.swift */; };
		EC4072772B3A0B2A00B31F56 /* BaleSettingsView.swift in Sources */ = {isa = PBXBuildFile; fileRef = EC4072762B3A0B2A00B31F56 /* BaleSettingsView.swift */; };
		EC4613DE2AFE8773006D0341 /* Image+Extension.swift in Sources */ = {isa = PBXBuildFile; fileRef = EC4613DD2AFE8773006D0341 /* Image+Extension.swift */; };
		EC4F99352AF7A63900645275 /* RswiftLibrary in Frameworks */ = {isa = PBXBuildFile; productRef = EC4F99342AF7A63900645275 /* RswiftLibrary */; };
		EC512EF92B00E6A000F6658E /* SelectFarmLocationView.swift in Sources */ = {isa = PBXBuildFile; fileRef = EC512EF82B00E6A000F6658E /* SelectFarmLocationView.swift */; };
		EC512EFC2B00E6BA00F6658E /* SelectFarmLocationViewModel.swift in Sources */ = {isa = PBXBuildFile; fileRef = EC512EFB2B00E6BA00F6658E /* SelectFarmLocationViewModel.swift */; };
		EC53C46C2B407EBE00FC6684 /* LogoutUseCase.swift in Sources */ = {isa = PBXBuildFile; fileRef = EC53C46B2B407EBE00FC6684 /* LogoutUseCase.swift */; };
		EC57C5262AFBF3C0004BF48B /* CircularButton.swift in Sources */ = {isa = PBXBuildFile; fileRef = EC57C5252AFBF3C0004BF48B /* CircularButton.swift */; };
		EC57C5292AFBF7FA004BF48B /* SelectMembersView.swift in Sources */ = {isa = PBXBuildFile; fileRef = EC57C5282AFBF7FA004BF48B /* SelectMembersView.swift */; };
		EC57C52C2AFC08D5004BF48B /* CameraView.swift in Sources */ = {isa = PBXBuildFile; fileRef = EC57C52B2AFC08D5004BF48B /* CameraView.swift */; };
		EC57C52F2AFC121D004BF48B /* ImagePicker.swift in Sources */ = {isa = PBXBuildFile; fileRef = EC57C52E2AFC121D004BF48B /* ImagePicker.swift */; };
		EC57C5322AFC1D4B004BF48B /* UserApi.swift in Sources */ = {isa = PBXBuildFile; fileRef = EC57C5312AFC1D4B004BF48B /* UserApi.swift */; };
		EC57C5352AFC1E69004BF48B /* User.swift in Sources */ = {isa = PBXBuildFile; fileRef = EC57C5342AFC1E69004BF48B /* User.swift */; };
		EC57C5372AFC20AC004BF48B /* UserRepository.swift in Sources */ = {isa = PBXBuildFile; fileRef = EC57C5362AFC20AC004BF48B /* UserRepository.swift */; };
		EC57C5392AFC247C004BF48B /* SelectMembersViewModel.swift in Sources */ = {isa = PBXBuildFile; fileRef = EC57C5382AFC247C004BF48B /* SelectMembersViewModel.swift */; };
		EC6748BC2B3F66BE006EAD1F /* RegistrationState.swift in Sources */ = {isa = PBXBuildFile; fileRef = EC6748BB2B3F66BE006EAD1F /* RegistrationState.swift */; };
		EC7EC8822B3207D600569238 /* SuccessfulRegistrationView.swift in Sources */ = {isa = PBXBuildFile; fileRef = EC7EC8812B3207D600569238 /* SuccessfulRegistrationView.swift */; };
		EC7EF1082B33584F00F154A5 /* RegistrationFLowNavigationItem.swift in Sources */ = {isa = PBXBuildFile; fileRef = EC7EF1072B33584F00F154A5 /* RegistrationFLowNavigationItem.swift */; };
		EC84EF442B51E9BB00B97DEB /* Kingfisher in Frameworks */ = {isa = PBXBuildFile; productRef = EC84EF432B51E9BB00B97DEB /* Kingfisher */; };
		EC84EF462B51EAAD00B97DEB /* KFImage+Extension.swift in Sources */ = {isa = PBXBuildFile; fileRef = EC84EF452B51EAAD00B97DEB /* KFImage+Extension.swift */; };
		EC8767292AFF7DCC00A36AF6 /* ActionButton.swift in Sources */ = {isa = PBXBuildFile; fileRef = EC8767282AFF7DCC00A36AF6 /* ActionButton.swift */; };
		EC9258AB2B2B6A6A009A5359 /* CustomSocialButton.swift in Sources */ = {isa = PBXBuildFile; fileRef = EC9258AA2B2B6A6A009A5359 /* CustomSocialButton.swift */; };
		EC98E0822B2C8F8600E555BF /* LogoHeader.swift in Sources */ = {isa = PBXBuildFile; fileRef = EC98E0812B2C8F8600E555BF /* LogoHeader.swift */; };
		EC98E0852B2C8FD600E555BF /* RegistrationView.swift in Sources */ = {isa = PBXBuildFile; fileRef = EC98E0842B2C8FD600E555BF /* RegistrationView.swift */; };
		EC98E0882B2C8FED00E555BF /* RegistrationViewModel.swift in Sources */ = {isa = PBXBuildFile; fileRef = EC98E0872B2C8FED00E555BF /* RegistrationViewModel.swift */; };
		EC98E08E2B2CA21700E555BF /* UserRegisterDTO.swift in Sources */ = {isa = PBXBuildFile; fileRef = EC98E08D2B2CA21700E555BF /* UserRegisterDTO.swift */; };
		EC98E0912B2CA3EC00E555BF /* AuthenticationApi.swift in Sources */ = {isa = PBXBuildFile; fileRef = EC98E0902B2CA3EC00E555BF /* AuthenticationApi.swift */; };
		ECA274B92AF8204200C0B3CC /* FarmApi.swift in Sources */ = {isa = PBXBuildFile; fileRef = ECA274B82AF8204200C0B3CC /* FarmApi.swift */; };
		ECA274BC2AF8207D00C0B3CC /* Farm.swift in Sources */ = {isa = PBXBuildFile; fileRef = ECA274BB2AF8207D00C0B3CC /* Farm.swift */; };
		ECA274BE2AF825EC00C0B3CC /* FarmRepository.swift in Sources */ = {isa = PBXBuildFile; fileRef = ECA274BD2AF825EC00C0B3CC /* FarmRepository.swift */; };
		ECA304DA2B2A3B4100AB8D97 /* LoginView.swift in Sources */ = {isa = PBXBuildFile; fileRef = ECA304D92B2A3B4100AB8D97 /* LoginView.swift */; };
		ECA304DD2B2A3B5400AB8D97 /* LoginViewModel.swift in Sources */ = {isa = PBXBuildFile; fileRef = ECA304DC2B2A3B5400AB8D97 /* LoginViewModel.swift */; };
		ECA304E02B2A3C9C00AB8D97 /* CustomTextField.swift in Sources */ = {isa = PBXBuildFile; fileRef = ECA304DF2B2A3C9C00AB8D97 /* CustomTextField.swift */; };
		ECA304E32B2A4C6700AB8D97 /* CustomSecureTextField.swift in Sources */ = {isa = PBXBuildFile; fileRef = ECA304E22B2A4C6700AB8D97 /* CustomSecureTextField.swift */; };
		ECA982482B401932002E7ED7 /* UserLoginDTO.swift in Sources */ = {isa = PBXBuildFile; fileRef = ECA982472B401932002E7ED7 /* UserLoginDTO.swift */; };
		ECA9824B2B403063002E7ED7 /* Keychain.swift in Sources */ = {isa = PBXBuildFile; fileRef = ECA9824A2B403063002E7ED7 /* Keychain.swift */; };
		ECAAFEE12A5EEFAC00EE8CD3 /* View+Extension.swift in Sources */ = {isa = PBXBuildFile; fileRef = ECAAFEE02A5EEFAC00EE8CD3 /* View+Extension.swift */; };
		ECAAFEE32A5EF00200EE8CD3 /* Spacer+Extension.swift in Sources */ = {isa = PBXBuildFile; fileRef = ECAAFEE22A5EF00200EE8CD3 /* Spacer+Extension.swift */; };
		ECAAFEE62A5EF1B000EE8CD3 /* ErrorHandlingViewModifier.swift in Sources */ = {isa = PBXBuildFile; fileRef = ECAAFEE52A5EF1B000EE8CD3 /* ErrorHandlingViewModifier.swift */; };
		ECAAFEE82A5EF22C00EE8CD3 /* String+Extension.swift in Sources */ = {isa = PBXBuildFile; fileRef = ECAAFEE72A5EF22C00EE8CD3 /* String+Extension.swift */; };
		ECAAFEEA2A5EF27300EE8CD3 /* Character+Extension.swift in Sources */ = {isa = PBXBuildFile; fileRef = ECAAFEE92A5EF27300EE8CD3 /* Character+Extension.swift */; };
		ECAAFEEC2A5EF2BA00EE8CD3 /* DateFormatter+Extension.swift in Sources */ = {isa = PBXBuildFile; fileRef = ECAAFEEB2A5EF2BA00EE8CD3 /* DateFormatter+Extension.swift */; };
		ECAC8D3E2AED4598002B4131 /* BaleRepository.swift in Sources */ = {isa = PBXBuildFile; fileRef = ECAC8D3D2AED4598002B4131 /* BaleRepository.swift */; };
		ECAC8D412AED6654002B4131 /* ApiRequestHandler.swift in Sources */ = {isa = PBXBuildFile; fileRef = ECAC8D402AED6654002B4131 /* ApiRequestHandler.swift */; };
		ECAC8D442AED6C1F002B4131 /* Bale.swift in Sources */ = {isa = PBXBuildFile; fileRef = ECAC8D432AED6C1F002B4131 /* Bale.swift */; };
		ECBD220F2B4070370051DFDC /* ProfileViewModel.swift in Sources */ = {isa = PBXBuildFile; fileRef = ECBD220E2B4070370051DFDC /* ProfileViewModel.swift */; };
		ECBD22122B4070480051DFDC /* ProfileView.swift in Sources */ = {isa = PBXBuildFile; fileRef = ECBD22112B4070480051DFDC /* ProfileView.swift */; };
		ECC7EEE22B2DF35A00AADE70 /* AuthenticationRepository.swift in Sources */ = {isa = PBXBuildFile; fileRef = ECC7EEE12B2DF35A00AADE70 /* AuthenticationRepository.swift */; };
		ECC7EEE52B2E0AC700AADE70 /* Repository.swift in Sources */ = {isa = PBXBuildFile; fileRef = ECC7EEE42B2E0AC700AADE70 /* Repository.swift */; };
		ECC7EEE72B2E0D2400AADE70 /* Token.swift in Sources */ = {isa = PBXBuildFile; fileRef = ECC7EEE62B2E0D2400AADE70 /* Token.swift */; };
		ECC7EEE92B2E0E0A00AADE70 /* AnyPublisher+Extension.swift in Sources */ = {isa = PBXBuildFile; fileRef = ECC7EEE82B2E0E0A00AADE70 /* AnyPublisher+Extension.swift */; };
		ECC7EEEB2B2E0EE500AADE70 /* CustomError.swift in Sources */ = {isa = PBXBuildFile; fileRef = ECC7EEEA2B2E0EE500AADE70 /* CustomError.swift */; };
		ECD9CD862B3CC77C00B5B04E /* BaleDetailView.swift in Sources */ = {isa = PBXBuildFile; fileRef = ECD9CD852B3CC77C00B5B04E /* BaleDetailView.swift */; };
		ECDDFAB12AF9864300211BB0 /* FarmDetailView.swift in Sources */ = {isa = PBXBuildFile; fileRef = ECDDFAB02AF9864300211BB0 /* FarmDetailView.swift */; };
		ECDDFAB42AF9865900211BB0 /* FarmDetailViewModel.swift in Sources */ = {isa = PBXBuildFile; fileRef = ECDDFAB32AF9865900211BB0 /* FarmDetailViewModel.swift */; };
		ECDDFAB62AF9883D00211BB0 /* Fixtures.swift in Sources */ = {isa = PBXBuildFile; fileRef = ECDDFAB52AF9883D00211BB0 /* Fixtures.swift */; };
		ECE6B6A32B3DB9FA00B42055 /* Formatter+Extension.swift in Sources */ = {isa = PBXBuildFile; fileRef = ECE6B6A22B3DB9FA00B42055 /* Formatter+Extension.swift */; };
		ECF266742A560DAF00CE33AD /* BaleTrackerApp.swift in Sources */ = {isa = PBXBuildFile; fileRef = ECF266732A560DAF00CE33AD /* BaleTrackerApp.swift */; };
		ECF266782A560DB000CE33AD /* Assets.xcassets in Resources */ = {isa = PBXBuildFile; fileRef = ECF266772A560DB000CE33AD /* Assets.xcassets */; };
		ECF2667B2A560DB000CE33AD /* Preview Assets.xcassets in Resources */ = {isa = PBXBuildFile; fileRef = ECF2667A2A560DB000CE33AD /* Preview Assets.xcassets */; };
		ECF266802A560DB000CE33AD /* BaleTracker.xcdatamodeld in Sources */ = {isa = PBXBuildFile; fileRef = ECF2667E2A560DB000CE33AD /* BaleTracker.xcdatamodeld */; };
		ECF2668A2A560DB000CE33AD /* BaleTrackerTests.swift in Sources */ = {isa = PBXBuildFile; fileRef = ECF266892A560DB000CE33AD /* BaleTrackerTests.swift */; };
		ECF266942A560DB000CE33AD /* BaleTrackerUITests.swift in Sources */ = {isa = PBXBuildFile; fileRef = ECF266932A560DB000CE33AD /* BaleTrackerUITests.swift */; };
		ECF266962A560DB000CE33AD /* BaleTrackerUITestsLaunchTests.swift in Sources */ = {isa = PBXBuildFile; fileRef = ECF266952A560DB000CE33AD /* BaleTrackerUITestsLaunchTests.swift */; };
/* End PBXBuildFile section */

/* Begin PBXContainerItemProxy section */
		ECF266862A560DB000CE33AD /* PBXContainerItemProxy */ = {
			isa = PBXContainerItemProxy;
			containerPortal = ECF266682A560DAF00CE33AD /* Project object */;
			proxyType = 1;
			remoteGlobalIDString = ECF2666F2A560DAF00CE33AD;
			remoteInfo = BaleTracker;
		};
		ECF266902A560DB000CE33AD /* PBXContainerItemProxy */ = {
			isa = PBXContainerItemProxy;
			containerPortal = ECF266682A560DAF00CE33AD /* Project object */;
			proxyType = 1;
			remoteGlobalIDString = ECF2666F2A560DAF00CE33AD;
			remoteInfo = BaleTracker;
		};
/* End PBXContainerItemProxy section */

/* Begin PBXFileReference section */
		EC0B69502AF7C126002A18B9 /* en */ = {isa = PBXFileReference; lastKnownFileType = text.plist.strings; name = en; path = en.lproj/Localizable.strings; sourceTree = "<group>"; };
		EC0B69612AF7C507002A18B9 /* de */ = {isa = PBXFileReference; lastKnownFileType = text.plist.strings; name = de; path = de.lproj/Localizable.strings; sourceTree = "<group>"; };
		EC0EB7DA2B53270600098AFA /* DateDecodingStrategy+Extension.swift */ = {isa = PBXFileReference; lastKnownFileType = sourcecode.swift; path = "DateDecodingStrategy+Extension.swift"; sourceTree = "<group>"; };
		EC134AA52B3C6BE100CE43E6 /* BalesNearYouView.swift */ = {isa = PBXFileReference; lastKnownFileType = sourcecode.swift; path = BalesNearYouView.swift; sourceTree = "<group>"; };
		EC134AAC2B3C6E8600CE43E6 /* BalesNearYouViewModel.swift */ = {isa = PBXFileReference; lastKnownFileType = sourcecode.swift; path = BalesNearYouViewModel.swift; sourceTree = "<group>"; };
		EC1807842B373E5E009453F7 /* BaleAnnotation.swift */ = {isa = PBXFileReference; lastKnownFileType = sourcecode.swift; path = BaleAnnotation.swift; sourceTree = "<group>"; };
		EC19B6EA2B547F01001A86B4 /* AccountSettingsView.swift */ = {isa = PBXFileReference; lastKnownFileType = sourcecode.swift; path = AccountSettingsView.swift; sourceTree = "<group>"; };
		EC1F0D402AEBEDA900D4DBC1 /* BaseTargetType.swift */ = {isa = PBXFileReference; lastKnownFileType = sourcecode.swift; path = BaseTargetType.swift; sourceTree = "<group>"; };
		EC1F0D422AEBEE4B00D4DBC1 /* BaleApi.swift */ = {isa = PBXFileReference; lastKnownFileType = sourcecode.swift; path = BaleApi.swift; sourceTree = "<group>"; };
		EC2D3CA72AFAD44C00059781 /* CreateNewFarmView.swift */ = {isa = PBXFileReference; lastKnownFileType = sourcecode.swift; path = CreateNewFarmView.swift; sourceTree = "<group>"; };
		EC2D3CAA2AFAD47300059781 /* CreateNewFarmViewModel.swift */ = {isa = PBXFileReference; lastKnownFileType = sourcecode.swift; path = CreateNewFarmViewModel.swift; sourceTree = "<group>"; };
		EC320B502B34B54100F50B25 /* LocationPermission.swift */ = {isa = PBXFileReference; lastKnownFileType = sourcecode.swift; path = LocationPermission.swift; sourceTree = "<group>"; };
		EC320B532B34BC0600F50B25 /* MapTypeSelectionView.swift */ = {isa = PBXFileReference; lastKnownFileType = sourcecode.swift; path = MapTypeSelectionView.swift; sourceTree = "<group>"; };
		EC3DF0042AF7C868006B29E0 /* ContentViewModel.swift */ = {isa = PBXFileReference; fileEncoding = 4; lastKnownFileType = sourcecode.swift; path = ContentViewModel.swift; sourceTree = "<group>"; };
		EC3DF0052AF7C868006B29E0 /* ContentView.swift */ = {isa = PBXFileReference; fileEncoding = 4; lastKnownFileType = sourcecode.swift; path = ContentView.swift; sourceTree = "<group>"; };
		EC3DF0082AF7C878006B29E0 /* FarmView.swift */ = {isa = PBXFileReference; fileEncoding = 4; lastKnownFileType = sourcecode.swift; path = FarmView.swift; sourceTree = "<group>"; };
		EC3DF0092AF7C878006B29E0 /* FarmViewModel.swift */ = {isa = PBXFileReference; fileEncoding = 4; lastKnownFileType = sourcecode.swift; path = FarmViewModel.swift; sourceTree = "<group>"; };
		EC3DF00C2AF7C885006B29E0 /* MapViewModel.swift */ = {isa = PBXFileReference; fileEncoding = 4; lastKnownFileType = sourcecode.swift; path = MapViewModel.swift; sourceTree = "<group>"; };
		EC3DF00D2AF7C885006B29E0 /* MapView.swift */ = {isa = PBXFileReference; fileEncoding = 4; lastKnownFileType = sourcecode.swift; path = MapView.swift; sourceTree = "<group>"; };
		EC4072762B3A0B2A00B31F56 /* BaleSettingsView.swift */ = {isa = PBXFileReference; lastKnownFileType = sourcecode.swift; path = BaleSettingsView.swift; sourceTree = "<group>"; };
		EC4613DD2AFE8773006D0341 /* Image+Extension.swift */ = {isa = PBXFileReference; lastKnownFileType = sourcecode.swift; path = "Image+Extension.swift"; sourceTree = "<group>"; };
		EC512EF82B00E6A000F6658E /* SelectFarmLocationView.swift */ = {isa = PBXFileReference; lastKnownFileType = sourcecode.swift; path = SelectFarmLocationView.swift; sourceTree = "<group>"; };
		EC512EFB2B00E6BA00F6658E /* SelectFarmLocationViewModel.swift */ = {isa = PBXFileReference; lastKnownFileType = sourcecode.swift; path = SelectFarmLocationViewModel.swift; sourceTree = "<group>"; };
		EC53C46B2B407EBE00FC6684 /* LogoutUseCase.swift */ = {isa = PBXFileReference; lastKnownFileType = sourcecode.swift; path = LogoutUseCase.swift; sourceTree = "<group>"; };
		EC57C5252AFBF3C0004BF48B /* CircularButton.swift */ = {isa = PBXFileReference; lastKnownFileType = sourcecode.swift; path = CircularButton.swift; sourceTree = "<group>"; };
		EC57C5282AFBF7FA004BF48B /* SelectMembersView.swift */ = {isa = PBXFileReference; lastKnownFileType = sourcecode.swift; path = SelectMembersView.swift; sourceTree = "<group>"; };
		EC57C52B2AFC08D5004BF48B /* CameraView.swift */ = {isa = PBXFileReference; lastKnownFileType = sourcecode.swift; path = CameraView.swift; sourceTree = "<group>"; };
		EC57C52E2AFC121D004BF48B /* ImagePicker.swift */ = {isa = PBXFileReference; lastKnownFileType = sourcecode.swift; path = ImagePicker.swift; sourceTree = "<group>"; };
		EC57C5312AFC1D4B004BF48B /* UserApi.swift */ = {isa = PBXFileReference; lastKnownFileType = sourcecode.swift; path = UserApi.swift; sourceTree = "<group>"; };
		EC57C5342AFC1E69004BF48B /* User.swift */ = {isa = PBXFileReference; lastKnownFileType = sourcecode.swift; path = User.swift; sourceTree = "<group>"; };
		EC57C5362AFC20AC004BF48B /* UserRepository.swift */ = {isa = PBXFileReference; lastKnownFileType = sourcecode.swift; path = UserRepository.swift; sourceTree = "<group>"; };
		EC57C5382AFC247C004BF48B /* SelectMembersViewModel.swift */ = {isa = PBXFileReference; lastKnownFileType = sourcecode.swift; path = SelectMembersViewModel.swift; sourceTree = "<group>"; };
		EC6748BB2B3F66BE006EAD1F /* RegistrationState.swift */ = {isa = PBXFileReference; lastKnownFileType = sourcecode.swift; path = RegistrationState.swift; sourceTree = "<group>"; };
		EC7EC8812B3207D600569238 /* SuccessfulRegistrationView.swift */ = {isa = PBXFileReference; lastKnownFileType = sourcecode.swift; path = SuccessfulRegistrationView.swift; sourceTree = "<group>"; };
		EC7EF1072B33584F00F154A5 /* RegistrationFLowNavigationItem.swift */ = {isa = PBXFileReference; lastKnownFileType = sourcecode.swift; path = RegistrationFLowNavigationItem.swift; sourceTree = "<group>"; };
		EC84EF452B51EAAD00B97DEB /* KFImage+Extension.swift */ = {isa = PBXFileReference; lastKnownFileType = sourcecode.swift; path = "KFImage+Extension.swift"; sourceTree = "<group>"; };
		EC8767282AFF7DCC00A36AF6 /* ActionButton.swift */ = {isa = PBXFileReference; lastKnownFileType = sourcecode.swift; path = ActionButton.swift; sourceTree = "<group>"; };
		EC9258AA2B2B6A6A009A5359 /* CustomSocialButton.swift */ = {isa = PBXFileReference; lastKnownFileType = sourcecode.swift; path = CustomSocialButton.swift; sourceTree = "<group>"; };
		EC98E0812B2C8F8600E555BF /* LogoHeader.swift */ = {isa = PBXFileReference; lastKnownFileType = sourcecode.swift; path = LogoHeader.swift; sourceTree = "<group>"; };
		EC98E0842B2C8FD600E555BF /* RegistrationView.swift */ = {isa = PBXFileReference; lastKnownFileType = sourcecode.swift; path = RegistrationView.swift; sourceTree = "<group>"; };
		EC98E0872B2C8FED00E555BF /* RegistrationViewModel.swift */ = {isa = PBXFileReference; lastKnownFileType = sourcecode.swift; path = RegistrationViewModel.swift; sourceTree = "<group>"; };
		EC98E08D2B2CA21700E555BF /* UserRegisterDTO.swift */ = {isa = PBXFileReference; lastKnownFileType = sourcecode.swift; path = UserRegisterDTO.swift; sourceTree = "<group>"; };
		EC98E0902B2CA3EC00E555BF /* AuthenticationApi.swift */ = {isa = PBXFileReference; lastKnownFileType = sourcecode.swift; path = AuthenticationApi.swift; sourceTree = "<group>"; };
		ECA274B82AF8204200C0B3CC /* FarmApi.swift */ = {isa = PBXFileReference; lastKnownFileType = sourcecode.swift; path = FarmApi.swift; sourceTree = "<group>"; };
		ECA274BB2AF8207D00C0B3CC /* Farm.swift */ = {isa = PBXFileReference; lastKnownFileType = sourcecode.swift; path = Farm.swift; sourceTree = "<group>"; };
		ECA274BD2AF825EC00C0B3CC /* FarmRepository.swift */ = {isa = PBXFileReference; lastKnownFileType = sourcecode.swift; path = FarmRepository.swift; sourceTree = "<group>"; };
		ECA304D92B2A3B4100AB8D97 /* LoginView.swift */ = {isa = PBXFileReference; lastKnownFileType = sourcecode.swift; path = LoginView.swift; sourceTree = "<group>"; };
		ECA304DC2B2A3B5400AB8D97 /* LoginViewModel.swift */ = {isa = PBXFileReference; lastKnownFileType = sourcecode.swift; path = LoginViewModel.swift; sourceTree = "<group>"; };
		ECA304DF2B2A3C9C00AB8D97 /* CustomTextField.swift */ = {isa = PBXFileReference; lastKnownFileType = sourcecode.swift; path = CustomTextField.swift; sourceTree = "<group>"; };
		ECA304E22B2A4C6700AB8D97 /* CustomSecureTextField.swift */ = {isa = PBXFileReference; lastKnownFileType = sourcecode.swift; path = CustomSecureTextField.swift; sourceTree = "<group>"; };
		ECA982472B401932002E7ED7 /* UserLoginDTO.swift */ = {isa = PBXFileReference; lastKnownFileType = sourcecode.swift; path = UserLoginDTO.swift; sourceTree = "<group>"; };
		ECA9824A2B403063002E7ED7 /* Keychain.swift */ = {isa = PBXFileReference; lastKnownFileType = sourcecode.swift; path = Keychain.swift; sourceTree = "<group>"; };
		ECAAFEE02A5EEFAC00EE8CD3 /* View+Extension.swift */ = {isa = PBXFileReference; lastKnownFileType = sourcecode.swift; path = "View+Extension.swift"; sourceTree = "<group>"; };
		ECAAFEE22A5EF00200EE8CD3 /* Spacer+Extension.swift */ = {isa = PBXFileReference; lastKnownFileType = sourcecode.swift; path = "Spacer+Extension.swift"; sourceTree = "<group>"; };
		ECAAFEE52A5EF1B000EE8CD3 /* ErrorHandlingViewModifier.swift */ = {isa = PBXFileReference; lastKnownFileType = sourcecode.swift; path = ErrorHandlingViewModifier.swift; sourceTree = "<group>"; };
		ECAAFEE72A5EF22C00EE8CD3 /* String+Extension.swift */ = {isa = PBXFileReference; lastKnownFileType = sourcecode.swift; path = "String+Extension.swift"; sourceTree = "<group>"; };
		ECAAFEE92A5EF27300EE8CD3 /* Character+Extension.swift */ = {isa = PBXFileReference; lastKnownFileType = sourcecode.swift; path = "Character+Extension.swift"; sourceTree = "<group>"; };
		ECAAFEEB2A5EF2BA00EE8CD3 /* DateFormatter+Extension.swift */ = {isa = PBXFileReference; lastKnownFileType = sourcecode.swift; path = "DateFormatter+Extension.swift"; sourceTree = "<group>"; };
		ECAC8D3D2AED4598002B4131 /* BaleRepository.swift */ = {isa = PBXFileReference; lastKnownFileType = sourcecode.swift; path = BaleRepository.swift; sourceTree = "<group>"; };
		ECAC8D402AED6654002B4131 /* ApiRequestHandler.swift */ = {isa = PBXFileReference; lastKnownFileType = sourcecode.swift; path = ApiRequestHandler.swift; sourceTree = "<group>"; };
		ECAC8D432AED6C1F002B4131 /* Bale.swift */ = {isa = PBXFileReference; lastKnownFileType = sourcecode.swift; path = Bale.swift; sourceTree = "<group>"; };
		ECBD220E2B4070370051DFDC /* ProfileViewModel.swift */ = {isa = PBXFileReference; lastKnownFileType = sourcecode.swift; path = ProfileViewModel.swift; sourceTree = "<group>"; };
		ECBD22112B4070480051DFDC /* ProfileView.swift */ = {isa = PBXFileReference; lastKnownFileType = sourcecode.swift; path = ProfileView.swift; sourceTree = "<group>"; };
		ECC7EEE12B2DF35A00AADE70 /* AuthenticationRepository.swift */ = {isa = PBXFileReference; lastKnownFileType = sourcecode.swift; path = AuthenticationRepository.swift; sourceTree = "<group>"; };
		ECC7EEE42B2E0AC700AADE70 /* Repository.swift */ = {isa = PBXFileReference; lastKnownFileType = sourcecode.swift; path = Repository.swift; sourceTree = "<group>"; };
		ECC7EEE62B2E0D2400AADE70 /* Token.swift */ = {isa = PBXFileReference; lastKnownFileType = sourcecode.swift; path = Token.swift; sourceTree = "<group>"; };
		ECC7EEE82B2E0E0A00AADE70 /* AnyPublisher+Extension.swift */ = {isa = PBXFileReference; lastKnownFileType = sourcecode.swift; path = "AnyPublisher+Extension.swift"; sourceTree = "<group>"; };
		ECC7EEEA2B2E0EE500AADE70 /* CustomError.swift */ = {isa = PBXFileReference; lastKnownFileType = sourcecode.swift; path = CustomError.swift; sourceTree = "<group>"; };
		ECD9CD852B3CC77C00B5B04E /* BaleDetailView.swift */ = {isa = PBXFileReference; lastKnownFileType = sourcecode.swift; path = BaleDetailView.swift; sourceTree = "<group>"; };
		ECDDFAB02AF9864300211BB0 /* FarmDetailView.swift */ = {isa = PBXFileReference; lastKnownFileType = sourcecode.swift; path = FarmDetailView.swift; sourceTree = "<group>"; };
		ECDDFAB32AF9865900211BB0 /* FarmDetailViewModel.swift */ = {isa = PBXFileReference; lastKnownFileType = sourcecode.swift; path = FarmDetailViewModel.swift; sourceTree = "<group>"; };
		ECDDFAB52AF9883D00211BB0 /* Fixtures.swift */ = {isa = PBXFileReference; lastKnownFileType = sourcecode.swift; path = Fixtures.swift; sourceTree = "<group>"; };
		ECE6B6A22B3DB9FA00B42055 /* Formatter+Extension.swift */ = {isa = PBXFileReference; lastKnownFileType = sourcecode.swift; path = "Formatter+Extension.swift"; sourceTree = "<group>"; };
		ECF266702A560DAF00CE33AD /* BaleTracker.app */ = {isa = PBXFileReference; explicitFileType = wrapper.application; includeInIndex = 0; path = BaleTracker.app; sourceTree = BUILT_PRODUCTS_DIR; };
		ECF266732A560DAF00CE33AD /* BaleTrackerApp.swift */ = {isa = PBXFileReference; lastKnownFileType = sourcecode.swift; path = BaleTrackerApp.swift; sourceTree = "<group>"; };
		ECF266772A560DB000CE33AD /* Assets.xcassets */ = {isa = PBXFileReference; lastKnownFileType = folder.assetcatalog; path = Assets.xcassets; sourceTree = "<group>"; };
		ECF2667A2A560DB000CE33AD /* Preview Assets.xcassets */ = {isa = PBXFileReference; lastKnownFileType = folder.assetcatalog; path = "Preview Assets.xcassets"; sourceTree = "<group>"; };
		ECF2667F2A560DB000CE33AD /* BaleTracker.xcdatamodel */ = {isa = PBXFileReference; lastKnownFileType = wrapper.xcdatamodel; path = BaleTracker.xcdatamodel; sourceTree = "<group>"; };
		ECF266852A560DB000CE33AD /* BaleTrackerTests.xctest */ = {isa = PBXFileReference; explicitFileType = wrapper.cfbundle; includeInIndex = 0; path = BaleTrackerTests.xctest; sourceTree = BUILT_PRODUCTS_DIR; };
		ECF266892A560DB000CE33AD /* BaleTrackerTests.swift */ = {isa = PBXFileReference; lastKnownFileType = sourcecode.swift; path = BaleTrackerTests.swift; sourceTree = "<group>"; };
		ECF2668F2A560DB000CE33AD /* BaleTrackerUITests.xctest */ = {isa = PBXFileReference; explicitFileType = wrapper.cfbundle; includeInIndex = 0; path = BaleTrackerUITests.xctest; sourceTree = BUILT_PRODUCTS_DIR; };
		ECF266932A560DB000CE33AD /* BaleTrackerUITests.swift */ = {isa = PBXFileReference; lastKnownFileType = sourcecode.swift; path = BaleTrackerUITests.swift; sourceTree = "<group>"; };
		ECF266952A560DB000CE33AD /* BaleTrackerUITestsLaunchTests.swift */ = {isa = PBXFileReference; lastKnownFileType = sourcecode.swift; path = BaleTrackerUITestsLaunchTests.swift; sourceTree = "<group>"; };
/* End PBXFileReference section */

/* Begin PBXFrameworksBuildPhase section */
		ECF2666D2A560DAF00CE33AD /* Frameworks */ = {
			isa = PBXFrameworksBuildPhase;
			buildActionMask = 2147483647;
			files = (
				EC84EF442B51E9BB00B97DEB /* Kingfisher in Frameworks */,
				EC1F0D3B2AEBED1200D4DBC1 /* CombineMoya in Frameworks */,
				EC1F0D3D2AEBED1200D4DBC1 /* Moya in Frameworks */,
				EC4F99352AF7A63900645275 /* RswiftLibrary in Frameworks */,
			);
			runOnlyForDeploymentPostprocessing = 0;
		};
		ECF266822A560DB000CE33AD /* Frameworks */ = {
			isa = PBXFrameworksBuildPhase;
			buildActionMask = 2147483647;
			files = (
			);
			runOnlyForDeploymentPostprocessing = 0;
		};
		ECF2668C2A560DB000CE33AD /* Frameworks */ = {
			isa = PBXFrameworksBuildPhase;
			buildActionMask = 2147483647;
			files = (
			);
			runOnlyForDeploymentPostprocessing = 0;
		};
/* End PBXFrameworksBuildPhase section */

/* Begin PBXGroup section */
		EC0B694A2AF7BF3F002A18B9 /* Resources */ = {
			isa = PBXGroup;
			children = (
				EC0B69512AF7C126002A18B9 /* Localizable.strings */,
			);
			path = Resources;
			sourceTree = "<group>";
		};
		EC134AA82B3C6E6200CE43E6 /* BalesNearYouView */ = {
			isa = PBXGroup;
			children = (
				EC134AA52B3C6BE100CE43E6 /* BalesNearYouView.swift */,
				EC134AAC2B3C6E8600CE43E6 /* BalesNearYouViewModel.swift */,
			);
			path = BalesNearYouView;
			sourceTree = "<group>";
		};
		EC1F0D3E2AEBED2E00D4DBC1 /* Networking */ = {
			isa = PBXGroup;
			children = (
				EC1F0D3F2AEBED9400D4DBC1 /* Services */,
				EC1F0D402AEBEDA900D4DBC1 /* BaseTargetType.swift */,
				ECAC8D402AED6654002B4131 /* ApiRequestHandler.swift */,
			);
			path = Networking;
			sourceTree = "<group>";
		};
		EC1F0D3F2AEBED9400D4DBC1 /* Services */ = {
			isa = PBXGroup;
			children = (
				EC1F0D422AEBEE4B00D4DBC1 /* BaleApi.swift */,
				ECA274B82AF8204200C0B3CC /* FarmApi.swift */,
				EC57C5312AFC1D4B004BF48B /* UserApi.swift */,
				EC98E0902B2CA3EC00E555BF /* AuthenticationApi.swift */,
			);
			path = Services;
			sourceTree = "<group>";
		};
		EC2D3CA42AFAD42F00059781 /* CreateNewFarmView */ = {
			isa = PBXGroup;
			children = (
				EC2D3CA72AFAD44C00059781 /* CreateNewFarmView.swift */,
				EC2D3CAA2AFAD47300059781 /* CreateNewFarmViewModel.swift */,
				EC57C5282AFBF7FA004BF48B /* SelectMembersView.swift */,
				EC57C5382AFC247C004BF48B /* SelectMembersViewModel.swift */,
				EC512EF82B00E6A000F6658E /* SelectFarmLocationView.swift */,
				EC512EFB2B00E6BA00F6658E /* SelectFarmLocationViewModel.swift */,
			);
			path = CreateNewFarmView;
			sourceTree = "<group>";
		};
		EC3DF0032AF7C842006B29E0 /* View */ = {
			isa = PBXGroup;
			children = (
				ECBD220D2B4070180051DFDC /* ProfileView */,
				ECA304D02B2A3AF100AB8D97 /* LoginView */,
				EC3DF0112AF7C8A4006B29E0 /* FarmView */,
				EC3DF0102AF7C897006B29E0 /* MapView */,
			);
			path = View;
			sourceTree = "<group>";
		};
		EC3DF0102AF7C897006B29E0 /* MapView */ = {
			isa = PBXGroup;
			children = (
				EC4072742B3A0B0800B31F56 /* Sheets */,
				EC3DF00C2AF7C885006B29E0 /* MapViewModel.swift */,
				EC3DF00D2AF7C885006B29E0 /* MapView.swift */,
				EC320B502B34B54100F50B25 /* LocationPermission.swift */,
				EC1807842B373E5E009453F7 /* BaleAnnotation.swift */,
			);
			path = MapView;
			sourceTree = "<group>";
		};
		EC3DF0112AF7C8A4006B29E0 /* FarmView */ = {
			isa = PBXGroup;
			children = (
				EC2D3CA42AFAD42F00059781 /* CreateNewFarmView */,
				ECDDFAAF2AF9862D00211BB0 /* FarmDetailView */,
				EC3DF0082AF7C878006B29E0 /* FarmView.swift */,
				EC3DF0092AF7C878006B29E0 /* FarmViewModel.swift */,
			);
			path = FarmView;
			sourceTree = "<group>";
		};
		EC4072742B3A0B0800B31F56 /* Sheets */ = {
			isa = PBXGroup;
			children = (
				EC134AA82B3C6E6200CE43E6 /* BalesNearYouView */,
				EC320B532B34BC0600F50B25 /* MapTypeSelectionView.swift */,
				EC4072762B3A0B2A00B31F56 /* BaleSettingsView.swift */,
				ECD9CD852B3CC77C00B5B04E /* BaleDetailView.swift */,
			);
			path = Sheets;
			sourceTree = "<group>";
		};
		EC57C5242AFBF37E004BF48B /* UI */ = {
			isa = PBXGroup;
			children = (
				EC9258A52B2B6A4C009A5359 /* Button */,
				ECA304E52B2A53FB00AB8D97 /* TextField */,
				EC57C52B2AFC08D5004BF48B /* CameraView.swift */,
				EC57C52E2AFC121D004BF48B /* ImagePicker.swift */,
				EC98E0812B2C8F8600E555BF /* LogoHeader.swift */,
			);
			path = UI;
			sourceTree = "<group>";
		};
		EC7EC8802B3207A000569238 /* SuccessfulRegistrationView */ = {
			isa = PBXGroup;
			children = (
				EC7EC8812B3207D600569238 /* SuccessfulRegistrationView.swift */,
			);
			path = SuccessfulRegistrationView;
			sourceTree = "<group>";
		};
		EC9258A52B2B6A4C009A5359 /* Button */ = {
			isa = PBXGroup;
			children = (
				EC8767282AFF7DCC00A36AF6 /* ActionButton.swift */,
				EC57C5252AFBF3C0004BF48B /* CircularButton.swift */,
				EC9258AA2B2B6A6A009A5359 /* CustomSocialButton.swift */,
			);
			path = Button;
			sourceTree = "<group>";
		};
		EC98E08A2B2CA20500E555BF /* User */ = {
			isa = PBXGroup;
			children = (
				EC57C5342AFC1E69004BF48B /* User.swift */,
				EC98E08D2B2CA21700E555BF /* UserRegisterDTO.swift */,
				ECA982472B401932002E7ED7 /* UserLoginDTO.swift */,
			);
			path = User;
			sourceTree = "<group>";
		};
		ECA304D02B2A3AF100AB8D97 /* LoginView */ = {
			isa = PBXGroup;
			children = (
				EC7EF1072B33584F00F154A5 /* RegistrationFLowNavigationItem.swift */,
				EC7EC8802B3207A000569238 /* SuccessfulRegistrationView */,
				ECA304D62B2A3B1000AB8D97 /* RegistrationView */,
				ECA304D32B2A3B0800AB8D97 /* LoginView */,
			);
			path = LoginView;
			sourceTree = "<group>";
		};
		ECA304D32B2A3B0800AB8D97 /* LoginView */ = {
			isa = PBXGroup;
			children = (
				ECA304D92B2A3B4100AB8D97 /* LoginView.swift */,
				ECA304DC2B2A3B5400AB8D97 /* LoginViewModel.swift */,
			);
			path = LoginView;
			sourceTree = "<group>";
		};
		ECA304D62B2A3B1000AB8D97 /* RegistrationView */ = {
			isa = PBXGroup;
			children = (
				EC98E0842B2C8FD600E555BF /* RegistrationView.swift */,
				EC98E0872B2C8FED00E555BF /* RegistrationViewModel.swift */,
			);
			path = RegistrationView;
			sourceTree = "<group>";
		};
		ECA304E52B2A53FB00AB8D97 /* TextField */ = {
			isa = PBXGroup;
			children = (
				ECA304E22B2A4C6700AB8D97 /* CustomSecureTextField.swift */,
				ECA304DF2B2A3C9C00AB8D97 /* CustomTextField.swift */,
			);
			path = TextField;
			sourceTree = "<group>";
		};
		ECAAFED82A5EEE1600EE8CD3 /* Core */ = {
			isa = PBXGroup;
			children = (
				ECF266732A560DAF00CE33AD /* BaleTrackerApp.swift */,
				EC3DF0052AF7C868006B29E0 /* ContentView.swift */,
				EC3DF0042AF7C868006B29E0 /* ContentViewModel.swift */,
			);
			path = Core;
			sourceTree = "<group>";
		};
		ECAAFED92A5EEE1F00EE8CD3 /* Model */ = {
			isa = PBXGroup;
			children = (
				EC98E08A2B2CA20500E555BF /* User */,
				ECAC8D432AED6C1F002B4131 /* Bale.swift */,
				ECA274BB2AF8207D00C0B3CC /* Farm.swift */,
				ECC7EEE62B2E0D2400AADE70 /* Token.swift */,
				EC6748BB2B3F66BE006EAD1F /* RegistrationState.swift */,
			);
			path = Model;
			sourceTree = "<group>";
		};
		ECAAFEDB2A5EEE3900EE8CD3 /* Repositories */ = {
			isa = PBXGroup;
			children = (
				ECAC8D3D2AED4598002B4131 /* BaleRepository.swift */,
				ECA274BD2AF825EC00C0B3CC /* FarmRepository.swift */,
				EC57C5362AFC20AC004BF48B /* UserRepository.swift */,
				ECC7EEE12B2DF35A00AADE70 /* AuthenticationRepository.swift */,
				ECC7EEE42B2E0AC700AADE70 /* Repository.swift */,
			);
			path = Repositories;
			sourceTree = "<group>";
		};
		ECAAFEDD2A5EEF1000EE8CD3 /* Utils */ = {
			isa = PBXGroup;
			children = (
				ECDDFAB52AF9883D00211BB0 /* Fixtures.swift */,
				ECA9824A2B403063002E7ED7 /* Keychain.swift */,
				EC53C46B2B407EBE00FC6684 /* LogoutUseCase.swift */,
			);
			path = Utils;
			sourceTree = "<group>";
		};
		ECAAFEDF2A5EEF8300EE8CD3 /* Extensions */ = {
			isa = PBXGroup;
			children = (
				ECAAFEE02A5EEFAC00EE8CD3 /* View+Extension.swift */,
				ECAAFEE22A5EF00200EE8CD3 /* Spacer+Extension.swift */,
				ECAAFEE72A5EF22C00EE8CD3 /* String+Extension.swift */,
				ECAAFEE92A5EF27300EE8CD3 /* Character+Extension.swift */,
				ECAAFEEB2A5EF2BA00EE8CD3 /* DateFormatter+Extension.swift */,
				EC4613DD2AFE8773006D0341 /* Image+Extension.swift */,
				ECC7EEE82B2E0E0A00AADE70 /* AnyPublisher+Extension.swift */,
				ECE6B6A22B3DB9FA00B42055 /* Formatter+Extension.swift */,
				EC84EF452B51EAAD00B97DEB /* KFImage+Extension.swift */,
				EC0EB7DA2B53270600098AFA /* DateDecodingStrategy+Extension.swift */,
			);
			path = Extensions;
			sourceTree = "<group>";
		};
		ECAAFEE42A5EF17200EE8CD3 /* Error */ = {
			isa = PBXGroup;
			children = (
				ECAAFEE52A5EF1B000EE8CD3 /* ErrorHandlingViewModifier.swift */,
				ECC7EEEA2B2E0EE500AADE70 /* CustomError.swift */,
			);
			path = Error;
			sourceTree = "<group>";
		};
		ECBD220D2B4070180051DFDC /* ProfileView */ = {
			isa = PBXGroup;
			children = (
				ECBD22112B4070480051DFDC /* ProfileView.swift */,
				ECBD220E2B4070370051DFDC /* ProfileViewModel.swift */,
				EC19B6EA2B547F01001A86B4 /* AccountSettingsView.swift */,
			);
			path = ProfileView;
			sourceTree = "<group>";
		};
		ECDDFAAF2AF9862D00211BB0 /* FarmDetailView */ = {
			isa = PBXGroup;
			children = (
				ECDDFAB02AF9864300211BB0 /* FarmDetailView.swift */,
				ECDDFAB32AF9865900211BB0 /* FarmDetailViewModel.swift */,
			);
			path = FarmDetailView;
			sourceTree = "<group>";
		};
		ECF266672A560DAF00CE33AD = {
			isa = PBXGroup;
			children = (
				ECF266722A560DAF00CE33AD /* BaleTracker */,
				ECF266882A560DB000CE33AD /* BaleTrackerTests */,
				ECF266922A560DB000CE33AD /* BaleTrackerUITests */,
				ECF266712A560DAF00CE33AD /* Products */,
			);
			sourceTree = "<group>";
		};
		ECF266712A560DAF00CE33AD /* Products */ = {
			isa = PBXGroup;
			children = (
				ECF266702A560DAF00CE33AD /* BaleTracker.app */,
				ECF266852A560DB000CE33AD /* BaleTrackerTests.xctest */,
				ECF2668F2A560DB000CE33AD /* BaleTrackerUITests.xctest */,
			);
			name = Products;
			sourceTree = "<group>";
		};
		ECF266722A560DAF00CE33AD /* BaleTracker */ = {
			isa = PBXGroup;
			children = (
				ECF266772A560DB000CE33AD /* Assets.xcassets */,
				ECF2667E2A560DB000CE33AD /* BaleTracker.xcdatamodeld */,
				ECAAFED82A5EEE1600EE8CD3 /* Core */,
				ECAAFEE42A5EF17200EE8CD3 /* Error */,
				ECAAFEDF2A5EEF8300EE8CD3 /* Extensions */,
				ECAAFED92A5EEE1F00EE8CD3 /* Model */,
				EC1F0D3E2AEBED2E00D4DBC1 /* Networking */,
				ECF266792A560DB000CE33AD /* Preview Content */,
				ECAAFEDB2A5EEE3900EE8CD3 /* Repositories */,
				EC0B694A2AF7BF3F002A18B9 /* Resources */,
				EC57C5242AFBF37E004BF48B /* UI */,
				ECAAFEDD2A5EEF1000EE8CD3 /* Utils */,
				EC3DF0032AF7C842006B29E0 /* View */,
			);
			path = BaleTracker;
			sourceTree = "<group>";
		};
		ECF266792A560DB000CE33AD /* Preview Content */ = {
			isa = PBXGroup;
			children = (
				ECF2667A2A560DB000CE33AD /* Preview Assets.xcassets */,
			);
			path = "Preview Content";
			sourceTree = "<group>";
		};
		ECF266882A560DB000CE33AD /* BaleTrackerTests */ = {
			isa = PBXGroup;
			children = (
				ECF266892A560DB000CE33AD /* BaleTrackerTests.swift */,
			);
			path = BaleTrackerTests;
			sourceTree = "<group>";
		};
		ECF266922A560DB000CE33AD /* BaleTrackerUITests */ = {
			isa = PBXGroup;
			children = (
				ECF266932A560DB000CE33AD /* BaleTrackerUITests.swift */,
				ECF266952A560DB000CE33AD /* BaleTrackerUITestsLaunchTests.swift */,
			);
			path = BaleTrackerUITests;
			sourceTree = "<group>";
		};
/* End PBXGroup section */

/* Begin PBXNativeTarget section */
		ECF2666F2A560DAF00CE33AD /* BaleTracker */ = {
			isa = PBXNativeTarget;
			buildConfigurationList = ECF266992A560DB000CE33AD /* Build configuration list for PBXNativeTarget "BaleTracker" */;
			buildPhases = (
				ECF2666C2A560DAF00CE33AD /* Sources */,
				ECF2666D2A560DAF00CE33AD /* Frameworks */,
				ECF2666E2A560DAF00CE33AD /* Resources */,
			);
			buildRules = (
			);
			dependencies = (
				EC4F99382AF7A65500645275 /* PBXTargetDependency */,
			);
			name = BaleTracker;
			packageProductDependencies = (
				EC1F0D3A2AEBED1200D4DBC1 /* CombineMoya */,
				EC1F0D3C2AEBED1200D4DBC1 /* Moya */,
				EC4F99342AF7A63900645275 /* RswiftLibrary */,
				EC84EF432B51E9BB00B97DEB /* Kingfisher */,
			);
			productName = BaleTracker;
			productReference = ECF266702A560DAF00CE33AD /* BaleTracker.app */;
			productType = "com.apple.product-type.application";
		};
		ECF266842A560DB000CE33AD /* BaleTrackerTests */ = {
			isa = PBXNativeTarget;
			buildConfigurationList = ECF2669C2A560DB000CE33AD /* Build configuration list for PBXNativeTarget "BaleTrackerTests" */;
			buildPhases = (
				ECF266812A560DB000CE33AD /* Sources */,
				ECF266822A560DB000CE33AD /* Frameworks */,
				ECF266832A560DB000CE33AD /* Resources */,
			);
			buildRules = (
			);
			dependencies = (
				ECF266872A560DB000CE33AD /* PBXTargetDependency */,
			);
			name = BaleTrackerTests;
			productName = BaleTrackerTests;
			productReference = ECF266852A560DB000CE33AD /* BaleTrackerTests.xctest */;
			productType = "com.apple.product-type.bundle.unit-test";
		};
		ECF2668E2A560DB000CE33AD /* BaleTrackerUITests */ = {
			isa = PBXNativeTarget;
			buildConfigurationList = ECF2669F2A560DB000CE33AD /* Build configuration list for PBXNativeTarget "BaleTrackerUITests" */;
			buildPhases = (
				ECF2668B2A560DB000CE33AD /* Sources */,
				ECF2668C2A560DB000CE33AD /* Frameworks */,
				ECF2668D2A560DB000CE33AD /* Resources */,
			);
			buildRules = (
			);
			dependencies = (
				ECF266912A560DB000CE33AD /* PBXTargetDependency */,
			);
			name = BaleTrackerUITests;
			productName = BaleTrackerUITests;
			productReference = ECF2668F2A560DB000CE33AD /* BaleTrackerUITests.xctest */;
			productType = "com.apple.product-type.bundle.ui-testing";
		};
/* End PBXNativeTarget section */

/* Begin PBXProject section */
		ECF266682A560DAF00CE33AD /* Project object */ = {
			isa = PBXProject;
			attributes = {
				BuildIndependentTargetsInParallel = 1;
				LastSwiftUpdateCheck = 1430;
				LastUpgradeCheck = 1430;
				TargetAttributes = {
					ECF2666F2A560DAF00CE33AD = {
						CreatedOnToolsVersion = 14.3;
					};
					ECF266842A560DB000CE33AD = {
						CreatedOnToolsVersion = 14.3;
						TestTargetID = ECF2666F2A560DAF00CE33AD;
					};
					ECF2668E2A560DB000CE33AD = {
						CreatedOnToolsVersion = 14.3;
						TestTargetID = ECF2666F2A560DAF00CE33AD;
					};
				};
			};
			buildConfigurationList = ECF2666B2A560DAF00CE33AD /* Build configuration list for PBXProject "BaleTracker" */;
			compatibilityVersion = "Xcode 14.0";
			developmentRegion = en;
			hasScannedForEncodings = 0;
			knownRegions = (
				en,
				Base,
				de,
			);
			mainGroup = ECF266672A560DAF00CE33AD;
			packageReferences = (
				EC1F0D392AEBED1200D4DBC1 /* XCRemoteSwiftPackageReference "Moya" */,
				EC4F99332AF7A63900645275 /* XCRemoteSwiftPackageReference "R" */,
				EC84EF422B51E9BB00B97DEB /* XCRemoteSwiftPackageReference "Kingfisher" */,
			);
			productRefGroup = ECF266712A560DAF00CE33AD /* Products */;
			projectDirPath = "";
			projectRoot = "";
			targets = (
				ECF2666F2A560DAF00CE33AD /* BaleTracker */,
				ECF266842A560DB000CE33AD /* BaleTrackerTests */,
				ECF2668E2A560DB000CE33AD /* BaleTrackerUITests */,
			);
		};
/* End PBXProject section */

/* Begin PBXResourcesBuildPhase section */
		ECF2666E2A560DAF00CE33AD /* Resources */ = {
			isa = PBXResourcesBuildPhase;
			buildActionMask = 2147483647;
			files = (
				ECF2667B2A560DB000CE33AD /* Preview Assets.xcassets in Resources */,
				EC0B694F2AF7C126002A18B9 /* Localizable.strings in Resources */,
				ECF266782A560DB000CE33AD /* Assets.xcassets in Resources */,
			);
			runOnlyForDeploymentPostprocessing = 0;
		};
		ECF266832A560DB000CE33AD /* Resources */ = {
			isa = PBXResourcesBuildPhase;
			buildActionMask = 2147483647;
			files = (
			);
			runOnlyForDeploymentPostprocessing = 0;
		};
		ECF2668D2A560DB000CE33AD /* Resources */ = {
			isa = PBXResourcesBuildPhase;
			buildActionMask = 2147483647;
			files = (
			);
			runOnlyForDeploymentPostprocessing = 0;
		};
/* End PBXResourcesBuildPhase section */

/* Begin PBXSourcesBuildPhase section */
		ECF2666C2A560DAF00CE33AD /* Sources */ = {
			isa = PBXSourcesBuildPhase;
			buildActionMask = 2147483647;
			files = (
				ECD9CD862B3CC77C00B5B04E /* BaleDetailView.swift in Sources */,
				EC19B6EB2B547F01001A86B4 /* AccountSettingsView.swift in Sources */,
				EC98E0882B2C8FED00E555BF /* RegistrationViewModel.swift in Sources */,
				ECF266802A560DB000CE33AD /* BaleTracker.xcdatamodeld in Sources */,
				EC57C5322AFC1D4B004BF48B /* UserApi.swift in Sources */,
				EC1807852B373E5E009453F7 /* BaleAnnotation.swift in Sources */,
				EC2D3CA82AFAD44C00059781 /* CreateNewFarmView.swift in Sources */,
				ECDDFAB42AF9865900211BB0 /* FarmDetailViewModel.swift in Sources */,
				EC53C46C2B407EBE00FC6684 /* LogoutUseCase.swift in Sources */,
				EC320B512B34B54100F50B25 /* LocationPermission.swift in Sources */,
				EC320B542B34BC0600F50B25 /* MapTypeSelectionView.swift in Sources */,
				EC57C52C2AFC08D5004BF48B /* CameraView.swift in Sources */,
				ECA304DD2B2A3B5400AB8D97 /* LoginViewModel.swift in Sources */,
				ECAAFEEA2A5EF27300EE8CD3 /* Character+Extension.swift in Sources */,
				EC57C5392AFC247C004BF48B /* SelectMembersViewModel.swift in Sources */,
				EC57C5372AFC20AC004BF48B /* UserRepository.swift in Sources */,
				EC84EF462B51EAAD00B97DEB /* KFImage+Extension.swift in Sources */,
				EC9258AB2B2B6A6A009A5359 /* CustomSocialButton.swift in Sources */,
				ECC7EEE72B2E0D2400AADE70 /* Token.swift in Sources */,
				ECE6B6A32B3DB9FA00B42055 /* Formatter+Extension.swift in Sources */,
				EC98E0912B2CA3EC00E555BF /* AuthenticationApi.swift in Sources */,
				ECDDFAB62AF9883D00211BB0 /* Fixtures.swift in Sources */,
				EC4072772B3A0B2A00B31F56 /* BaleSettingsView.swift in Sources */,
				EC512EF92B00E6A000F6658E /* SelectFarmLocationView.swift in Sources */,
				ECAAFEE82A5EF22C00EE8CD3 /* String+Extension.swift in Sources */,
				EC134AA62B3C6BE100CE43E6 /* BalesNearYouView.swift in Sources */,
				EC7EC8822B3207D600569238 /* SuccessfulRegistrationView.swift in Sources */,
				EC98E08E2B2CA21700E555BF /* UserRegisterDTO.swift in Sources */,
				ECAAFEE12A5EEFAC00EE8CD3 /* View+Extension.swift in Sources */,
				EC4613DE2AFE8773006D0341 /* Image+Extension.swift in Sources */,
				EC0EB7DB2B53270600098AFA /* DateDecodingStrategy+Extension.swift in Sources */,
				ECA304E02B2A3C9C00AB8D97 /* CustomTextField.swift in Sources */,
				ECAC8D442AED6C1F002B4131 /* Bale.swift in Sources */,
				EC1F0D432AEBEE4B00D4DBC1 /* BaleApi.swift in Sources */,
				ECBD220F2B4070370051DFDC /* ProfileViewModel.swift in Sources */,
				EC1F0D412AEBEDA900D4DBC1 /* BaseTargetType.swift in Sources */,
				ECA274BE2AF825EC00C0B3CC /* FarmRepository.swift in Sources */,
				ECA304E32B2A4C6700AB8D97 /* CustomSecureTextField.swift in Sources */,
				EC98E0822B2C8F8600E555BF /* LogoHeader.swift in Sources */,
				EC3DF00B2AF7C878006B29E0 /* FarmViewModel.swift in Sources */,
				ECA9824B2B403063002E7ED7 /* Keychain.swift in Sources */,
				ECA274B92AF8204200C0B3CC /* FarmApi.swift in Sources */,
				ECAC8D3E2AED4598002B4131 /* BaleRepository.swift in Sources */,
				EC98E0852B2C8FD600E555BF /* RegistrationView.swift in Sources */,
				ECBD22122B4070480051DFDC /* ProfileView.swift in Sources */,
				ECC7EEE52B2E0AC700AADE70 /* Repository.swift in Sources */,
				ECAC8D412AED6654002B4131 /* ApiRequestHandler.swift in Sources */,
				ECA982482B401932002E7ED7 /* UserLoginDTO.swift in Sources */,
				EC512EFC2B00E6BA00F6658E /* SelectFarmLocationViewModel.swift in Sources */,
				ECAAFEEC2A5EF2BA00EE8CD3 /* DateFormatter+Extension.swift in Sources */,
				EC3DF00A2AF7C878006B29E0 /* FarmView.swift in Sources */,
				ECC7EEE22B2DF35A00AADE70 /* AuthenticationRepository.swift in Sources */,
				EC3DF0062AF7C868006B29E0 /* ContentViewModel.swift in Sources */,
				EC3DF0072AF7C868006B29E0 /* ContentView.swift in Sources */,
				ECA274BC2AF8207D00C0B3CC /* Farm.swift in Sources */,
				EC57C5262AFBF3C0004BF48B /* CircularButton.swift in Sources */,
				EC2D3CAB2AFAD47300059781 /* CreateNewFarmViewModel.swift in Sources */,
				ECC7EEEB2B2E0EE500AADE70 /* CustomError.swift in Sources */,
				EC57C52F2AFC121D004BF48B /* ImagePicker.swift in Sources */,
				ECF266742A560DAF00CE33AD /* BaleTrackerApp.swift in Sources */,
				ECC7EEE92B2E0E0A00AADE70 /* AnyPublisher+Extension.swift in Sources */,
				ECDDFAB12AF9864300211BB0 /* FarmDetailView.swift in Sources */,
				EC57C5292AFBF7FA004BF48B /* SelectMembersView.swift in Sources */,
				EC3DF00F2AF7C885006B29E0 /* MapView.swift in Sources */,
				ECAAFEE32A5EF00200EE8CD3 /* Spacer+Extension.swift in Sources */,
				EC8767292AFF7DCC00A36AF6 /* ActionButton.swift in Sources */,
				EC134AAD2B3C6E8600CE43E6 /* BalesNearYouViewModel.swift in Sources */,
				ECAAFEE62A5EF1B000EE8CD3 /* ErrorHandlingViewModifier.swift in Sources */,
				EC3DF00E2AF7C885006B29E0 /* MapViewModel.swift in Sources */,
				ECA304DA2B2A3B4100AB8D97 /* LoginView.swift in Sources */,
				EC7EF1082B33584F00F154A5 /* RegistrationFLowNavigationItem.swift in Sources */,
				EC6748BC2B3F66BE006EAD1F /* RegistrationState.swift in Sources */,
				EC57C5352AFC1E69004BF48B /* User.swift in Sources */,
			);
			runOnlyForDeploymentPostprocessing = 0;
		};
		ECF266812A560DB000CE33AD /* Sources */ = {
			isa = PBXSourcesBuildPhase;
			buildActionMask = 2147483647;
			files = (
				ECF2668A2A560DB000CE33AD /* BaleTrackerTests.swift in Sources */,
			);
			runOnlyForDeploymentPostprocessing = 0;
		};
		ECF2668B2A560DB000CE33AD /* Sources */ = {
			isa = PBXSourcesBuildPhase;
			buildActionMask = 2147483647;
			files = (
				ECF266942A560DB000CE33AD /* BaleTrackerUITests.swift in Sources */,
				ECF266962A560DB000CE33AD /* BaleTrackerUITestsLaunchTests.swift in Sources */,
			);
			runOnlyForDeploymentPostprocessing = 0;
		};
/* End PBXSourcesBuildPhase section */

/* Begin PBXTargetDependency section */
		EC4F99382AF7A65500645275 /* PBXTargetDependency */ = {
			isa = PBXTargetDependency;
			productRef = EC4F99372AF7A65500645275 /* RswiftGenerateInternalResources */;
		};
		ECF266872A560DB000CE33AD /* PBXTargetDependency */ = {
			isa = PBXTargetDependency;
			target = ECF2666F2A560DAF00CE33AD /* BaleTracker */;
			targetProxy = ECF266862A560DB000CE33AD /* PBXContainerItemProxy */;
		};
		ECF266912A560DB000CE33AD /* PBXTargetDependency */ = {
			isa = PBXTargetDependency;
			target = ECF2666F2A560DAF00CE33AD /* BaleTracker */;
			targetProxy = ECF266902A560DB000CE33AD /* PBXContainerItemProxy */;
		};
/* End PBXTargetDependency section */

/* Begin PBXVariantGroup section */
		EC0B69512AF7C126002A18B9 /* Localizable.strings */ = {
			isa = PBXVariantGroup;
			children = (
				EC0B69502AF7C126002A18B9 /* en */,
				EC0B69612AF7C507002A18B9 /* de */,
			);
			name = Localizable.strings;
			sourceTree = "<group>";
		};
/* End PBXVariantGroup section */

/* Begin XCBuildConfiguration section */
		ECF266972A560DB000CE33AD /* Debug */ = {
			isa = XCBuildConfiguration;
			buildSettings = {
				ALWAYS_SEARCH_USER_PATHS = NO;
				CLANG_ANALYZER_NONNULL = YES;
				CLANG_ANALYZER_NUMBER_OBJECT_CONVERSION = YES_AGGRESSIVE;
				CLANG_CXX_LANGUAGE_STANDARD = "gnu++20";
				CLANG_ENABLE_MODULES = YES;
				CLANG_ENABLE_OBJC_ARC = YES;
				CLANG_ENABLE_OBJC_WEAK = YES;
				CLANG_WARN_BLOCK_CAPTURE_AUTORELEASING = YES;
				CLANG_WARN_BOOL_CONVERSION = YES;
				CLANG_WARN_COMMA = YES;
				CLANG_WARN_CONSTANT_CONVERSION = YES;
				CLANG_WARN_DEPRECATED_OBJC_IMPLEMENTATIONS = YES;
				CLANG_WARN_DIRECT_OBJC_ISA_USAGE = YES_ERROR;
				CLANG_WARN_DOCUMENTATION_COMMENTS = YES;
				CLANG_WARN_EMPTY_BODY = YES;
				CLANG_WARN_ENUM_CONVERSION = YES;
				CLANG_WARN_INFINITE_RECURSION = YES;
				CLANG_WARN_INT_CONVERSION = YES;
				CLANG_WARN_NON_LITERAL_NULL_CONVERSION = YES;
				CLANG_WARN_OBJC_IMPLICIT_RETAIN_SELF = YES;
				CLANG_WARN_OBJC_LITERAL_CONVERSION = YES;
				CLANG_WARN_OBJC_ROOT_CLASS = YES_ERROR;
				CLANG_WARN_QUOTED_INCLUDE_IN_FRAMEWORK_HEADER = YES;
				CLANG_WARN_RANGE_LOOP_ANALYSIS = YES;
				CLANG_WARN_STRICT_PROTOTYPES = YES;
				CLANG_WARN_SUSPICIOUS_MOVE = YES;
				CLANG_WARN_UNGUARDED_AVAILABILITY = YES_AGGRESSIVE;
				CLANG_WARN_UNREACHABLE_CODE = YES;
				CLANG_WARN__DUPLICATE_METHOD_MATCH = YES;
				COPY_PHASE_STRIP = NO;
				DEBUG_INFORMATION_FORMAT = dwarf;
				ENABLE_STRICT_OBJC_MSGSEND = YES;
				ENABLE_TESTABILITY = YES;
				GCC_C_LANGUAGE_STANDARD = gnu11;
				GCC_DYNAMIC_NO_PIC = NO;
				GCC_NO_COMMON_BLOCKS = YES;
				GCC_OPTIMIZATION_LEVEL = 0;
				GCC_PREPROCESSOR_DEFINITIONS = (
					"DEBUG=1",
					"$(inherited)",
				);
				GCC_WARN_64_TO_32_BIT_CONVERSION = YES;
				GCC_WARN_ABOUT_RETURN_TYPE = YES_ERROR;
				GCC_WARN_UNDECLARED_SELECTOR = YES;
				GCC_WARN_UNINITIALIZED_AUTOS = YES_AGGRESSIVE;
				GCC_WARN_UNUSED_FUNCTION = YES;
				GCC_WARN_UNUSED_VARIABLE = YES;
				IPHONEOS_DEPLOYMENT_TARGET = 16.4;
				MTL_ENABLE_DEBUG_INFO = INCLUDE_SOURCE;
				MTL_FAST_MATH = YES;
				ONLY_ACTIVE_ARCH = YES;
				SDKROOT = iphoneos;
				SWIFT_ACTIVE_COMPILATION_CONDITIONS = DEBUG;
				SWIFT_OPTIMIZATION_LEVEL = "-Onone";
			};
			name = Debug;
		};
		ECF266982A560DB000CE33AD /* Release */ = {
			isa = XCBuildConfiguration;
			buildSettings = {
				ALWAYS_SEARCH_USER_PATHS = NO;
				CLANG_ANALYZER_NONNULL = YES;
				CLANG_ANALYZER_NUMBER_OBJECT_CONVERSION = YES_AGGRESSIVE;
				CLANG_CXX_LANGUAGE_STANDARD = "gnu++20";
				CLANG_ENABLE_MODULES = YES;
				CLANG_ENABLE_OBJC_ARC = YES;
				CLANG_ENABLE_OBJC_WEAK = YES;
				CLANG_WARN_BLOCK_CAPTURE_AUTORELEASING = YES;
				CLANG_WARN_BOOL_CONVERSION = YES;
				CLANG_WARN_COMMA = YES;
				CLANG_WARN_CONSTANT_CONVERSION = YES;
				CLANG_WARN_DEPRECATED_OBJC_IMPLEMENTATIONS = YES;
				CLANG_WARN_DIRECT_OBJC_ISA_USAGE = YES_ERROR;
				CLANG_WARN_DOCUMENTATION_COMMENTS = YES;
				CLANG_WARN_EMPTY_BODY = YES;
				CLANG_WARN_ENUM_CONVERSION = YES;
				CLANG_WARN_INFINITE_RECURSION = YES;
				CLANG_WARN_INT_CONVERSION = YES;
				CLANG_WARN_NON_LITERAL_NULL_CONVERSION = YES;
				CLANG_WARN_OBJC_IMPLICIT_RETAIN_SELF = YES;
				CLANG_WARN_OBJC_LITERAL_CONVERSION = YES;
				CLANG_WARN_OBJC_ROOT_CLASS = YES_ERROR;
				CLANG_WARN_QUOTED_INCLUDE_IN_FRAMEWORK_HEADER = YES;
				CLANG_WARN_RANGE_LOOP_ANALYSIS = YES;
				CLANG_WARN_STRICT_PROTOTYPES = YES;
				CLANG_WARN_SUSPICIOUS_MOVE = YES;
				CLANG_WARN_UNGUARDED_AVAILABILITY = YES_AGGRESSIVE;
				CLANG_WARN_UNREACHABLE_CODE = YES;
				CLANG_WARN__DUPLICATE_METHOD_MATCH = YES;
				COPY_PHASE_STRIP = NO;
				DEBUG_INFORMATION_FORMAT = "dwarf-with-dsym";
				ENABLE_NS_ASSERTIONS = NO;
				ENABLE_STRICT_OBJC_MSGSEND = YES;
				GCC_C_LANGUAGE_STANDARD = gnu11;
				GCC_NO_COMMON_BLOCKS = YES;
				GCC_WARN_64_TO_32_BIT_CONVERSION = YES;
				GCC_WARN_ABOUT_RETURN_TYPE = YES_ERROR;
				GCC_WARN_UNDECLARED_SELECTOR = YES;
				GCC_WARN_UNINITIALIZED_AUTOS = YES_AGGRESSIVE;
				GCC_WARN_UNUSED_FUNCTION = YES;
				GCC_WARN_UNUSED_VARIABLE = YES;
				IPHONEOS_DEPLOYMENT_TARGET = 16.4;
				MTL_ENABLE_DEBUG_INFO = NO;
				MTL_FAST_MATH = YES;
				SDKROOT = iphoneos;
				SWIFT_COMPILATION_MODE = wholemodule;
				SWIFT_OPTIMIZATION_LEVEL = "-O";
				VALIDATE_PRODUCT = YES;
			};
			name = Release;
		};
		ECF2669A2A560DB000CE33AD /* Debug */ = {
			isa = XCBuildConfiguration;
			buildSettings = {
				ASSETCATALOG_COMPILER_APPICON_NAME = AppIcon;
				ASSETCATALOG_COMPILER_GLOBAL_ACCENT_COLOR_NAME = AccentColor;
				CODE_SIGN_STYLE = Automatic;
				CURRENT_PROJECT_VERSION = 1;
				DEVELOPMENT_ASSET_PATHS = "\"BaleTracker/Preview Content\"";
				DEVELOPMENT_TEAM = WNK6N53S3L;
				ENABLE_PREVIEWS = YES;
				GENERATE_INFOPLIST_FILE = YES;
				INFOPLIST_KEY_NSLocationAlwaysAndWhenInUseUsageDescription = "$(PRODUCT_NAME) uses location";
				INFOPLIST_KEY_NSPhotoLibraryUsageDescription = "BaleTracker photo use";
				INFOPLIST_KEY_UIApplicationSceneManifest_Generation = YES;
				INFOPLIST_KEY_UIApplicationSupportsIndirectInputEvents = YES;
				INFOPLIST_KEY_UILaunchScreen_Generation = YES;
				INFOPLIST_KEY_UISupportedInterfaceOrientations_iPad = "UIInterfaceOrientationPortrait UIInterfaceOrientationPortraitUpsideDown UIInterfaceOrientationLandscapeLeft UIInterfaceOrientationLandscapeRight";
				INFOPLIST_KEY_UISupportedInterfaceOrientations_iPhone = "UIInterfaceOrientationPortrait UIInterfaceOrientationLandscapeLeft UIInterfaceOrientationLandscapeRight";
				IPHONEOS_DEPLOYMENT_TARGET = 17.0;
				LD_RUNPATH_SEARCH_PATHS = (
					"$(inherited)",
					"@executable_path/Frameworks",
				);
				MARKETING_VERSION = 1.0;
				PRODUCT_BUNDLE_IDENTIFIER = com.SimonGoller.BaleTracker;
				PRODUCT_NAME = "$(TARGET_NAME)";
				SWIFT_EMIT_LOC_STRINGS = YES;
				SWIFT_VERSION = 5.0;
				TARGETED_DEVICE_FAMILY = "1,2";
			};
			name = Debug;
		};
		ECF2669B2A560DB000CE33AD /* Release */ = {
			isa = XCBuildConfiguration;
			buildSettings = {
				ASSETCATALOG_COMPILER_APPICON_NAME = AppIcon;
				ASSETCATALOG_COMPILER_GLOBAL_ACCENT_COLOR_NAME = AccentColor;
				CODE_SIGN_STYLE = Automatic;
				CURRENT_PROJECT_VERSION = 1;
				DEVELOPMENT_ASSET_PATHS = "\"BaleTracker/Preview Content\"";
				DEVELOPMENT_TEAM = WNK6N53S3L;
				ENABLE_PREVIEWS = YES;
				GENERATE_INFOPLIST_FILE = YES;
				INFOPLIST_KEY_NSLocationAlwaysAndWhenInUseUsageDescription = "$(PRODUCT_NAME) uses location";
				INFOPLIST_KEY_NSPhotoLibraryUsageDescription = "BaleTracker photo use";
				INFOPLIST_KEY_UIApplicationSceneManifest_Generation = YES;
				INFOPLIST_KEY_UIApplicationSupportsIndirectInputEvents = YES;
				INFOPLIST_KEY_UILaunchScreen_Generation = YES;
				INFOPLIST_KEY_UISupportedInterfaceOrientations_iPad = "UIInterfaceOrientationPortrait UIInterfaceOrientationPortraitUpsideDown UIInterfaceOrientationLandscapeLeft UIInterfaceOrientationLandscapeRight";
				INFOPLIST_KEY_UISupportedInterfaceOrientations_iPhone = "UIInterfaceOrientationPortrait UIInterfaceOrientationLandscapeLeft UIInterfaceOrientationLandscapeRight";
				IPHONEOS_DEPLOYMENT_TARGET = 17.0;
				LD_RUNPATH_SEARCH_PATHS = (
					"$(inherited)",
					"@executable_path/Frameworks",
				);
				MARKETING_VERSION = 1.0;
				PRODUCT_BUNDLE_IDENTIFIER = com.SimonGoller.BaleTracker;
				PRODUCT_NAME = "$(TARGET_NAME)";
				SWIFT_EMIT_LOC_STRINGS = YES;
				SWIFT_VERSION = 5.0;
				TARGETED_DEVICE_FAMILY = "1,2";
			};
			name = Release;
		};
		ECF2669D2A560DB000CE33AD /* Debug */ = {
			isa = XCBuildConfiguration;
			buildSettings = {
				ALWAYS_EMBED_SWIFT_STANDARD_LIBRARIES = YES;
				BUNDLE_LOADER = "$(TEST_HOST)";
				CODE_SIGN_STYLE = Automatic;
				CURRENT_PROJECT_VERSION = 1;
				DEVELOPMENT_TEAM = WNK6N53S3L;
				GENERATE_INFOPLIST_FILE = YES;
				IPHONEOS_DEPLOYMENT_TARGET = 16.4;
				MARKETING_VERSION = 1.0;
				PRODUCT_BUNDLE_IDENTIFIER = com.SimonGoller.BaleTrackerTests;
				PRODUCT_NAME = "$(TARGET_NAME)";
				SWIFT_EMIT_LOC_STRINGS = NO;
				SWIFT_VERSION = 5.0;
				TARGETED_DEVICE_FAMILY = "1,2";
				TEST_HOST = "$(BUILT_PRODUCTS_DIR)/BaleTracker.app/$(BUNDLE_EXECUTABLE_FOLDER_PATH)/BaleTracker";
			};
			name = Debug;
		};
		ECF2669E2A560DB000CE33AD /* Release */ = {
			isa = XCBuildConfiguration;
			buildSettings = {
				ALWAYS_EMBED_SWIFT_STANDARD_LIBRARIES = YES;
				BUNDLE_LOADER = "$(TEST_HOST)";
				CODE_SIGN_STYLE = Automatic;
				CURRENT_PROJECT_VERSION = 1;
				DEVELOPMENT_TEAM = WNK6N53S3L;
				GENERATE_INFOPLIST_FILE = YES;
				IPHONEOS_DEPLOYMENT_TARGET = 16.4;
				MARKETING_VERSION = 1.0;
				PRODUCT_BUNDLE_IDENTIFIER = com.SimonGoller.BaleTrackerTests;
				PRODUCT_NAME = "$(TARGET_NAME)";
				SWIFT_EMIT_LOC_STRINGS = NO;
				SWIFT_VERSION = 5.0;
				TARGETED_DEVICE_FAMILY = "1,2";
				TEST_HOST = "$(BUILT_PRODUCTS_DIR)/BaleTracker.app/$(BUNDLE_EXECUTABLE_FOLDER_PATH)/BaleTracker";
			};
			name = Release;
		};
		ECF266A02A560DB000CE33AD /* Debug */ = {
			isa = XCBuildConfiguration;
			buildSettings = {
				ALWAYS_EMBED_SWIFT_STANDARD_LIBRARIES = YES;
				CODE_SIGN_STYLE = Automatic;
				CURRENT_PROJECT_VERSION = 1;
				DEVELOPMENT_TEAM = WNK6N53S3L;
				GENERATE_INFOPLIST_FILE = YES;
				MARKETING_VERSION = 1.0;
				PRODUCT_BUNDLE_IDENTIFIER = com.SimonGoller.BaleTrackerUITests;
				PRODUCT_NAME = "$(TARGET_NAME)";
				SWIFT_EMIT_LOC_STRINGS = NO;
				SWIFT_VERSION = 5.0;
				TARGETED_DEVICE_FAMILY = "1,2";
				TEST_TARGET_NAME = BaleTracker;
			};
			name = Debug;
		};
		ECF266A12A560DB000CE33AD /* Release */ = {
			isa = XCBuildConfiguration;
			buildSettings = {
				ALWAYS_EMBED_SWIFT_STANDARD_LIBRARIES = YES;
				CODE_SIGN_STYLE = Automatic;
				CURRENT_PROJECT_VERSION = 1;
				DEVELOPMENT_TEAM = WNK6N53S3L;
				GENERATE_INFOPLIST_FILE = YES;
				MARKETING_VERSION = 1.0;
				PRODUCT_BUNDLE_IDENTIFIER = com.SimonGoller.BaleTrackerUITests;
				PRODUCT_NAME = "$(TARGET_NAME)";
				SWIFT_EMIT_LOC_STRINGS = NO;
				SWIFT_VERSION = 5.0;
				TARGETED_DEVICE_FAMILY = "1,2";
				TEST_TARGET_NAME = BaleTracker;
			};
			name = Release;
		};
/* End XCBuildConfiguration section */

/* Begin XCConfigurationList section */
		ECF2666B2A560DAF00CE33AD /* Build configuration list for PBXProject "BaleTracker" */ = {
			isa = XCConfigurationList;
			buildConfigurations = (
				ECF266972A560DB000CE33AD /* Debug */,
				ECF266982A560DB000CE33AD /* Release */,
			);
			defaultConfigurationIsVisible = 0;
			defaultConfigurationName = Release;
		};
		ECF266992A560DB000CE33AD /* Build configuration list for PBXNativeTarget "BaleTracker" */ = {
			isa = XCConfigurationList;
			buildConfigurations = (
				ECF2669A2A560DB000CE33AD /* Debug */,
				ECF2669B2A560DB000CE33AD /* Release */,
			);
			defaultConfigurationIsVisible = 0;
			defaultConfigurationName = Release;
		};
		ECF2669C2A560DB000CE33AD /* Build configuration list for PBXNativeTarget "BaleTrackerTests" */ = {
			isa = XCConfigurationList;
			buildConfigurations = (
				ECF2669D2A560DB000CE33AD /* Debug */,
				ECF2669E2A560DB000CE33AD /* Release */,
			);
			defaultConfigurationIsVisible = 0;
			defaultConfigurationName = Release;
		};
		ECF2669F2A560DB000CE33AD /* Build configuration list for PBXNativeTarget "BaleTrackerUITests" */ = {
			isa = XCConfigurationList;
			buildConfigurations = (
				ECF266A02A560DB000CE33AD /* Debug */,
				ECF266A12A560DB000CE33AD /* Release */,
			);
			defaultConfigurationIsVisible = 0;
			defaultConfigurationName = Release;
		};
/* End XCConfigurationList section */

/* Begin XCRemoteSwiftPackageReference section */
		EC1F0D392AEBED1200D4DBC1 /* XCRemoteSwiftPackageReference "Moya" */ = {
			isa = XCRemoteSwiftPackageReference;
			repositoryURL = "https://github.com/Moya/Moya.git";
			requirement = {
				kind = upToNextMajorVersion;
				minimumVersion = 15.0.0;
			};
		};
		EC4F99332AF7A63900645275 /* XCRemoteSwiftPackageReference "R" */ = {
			isa = XCRemoteSwiftPackageReference;
			repositoryURL = "https://github.com/mac-cain13/R.swift";
			requirement = {
				kind = upToNextMajorVersion;
				minimumVersion = 7.0.0;
			};
		};
		EC84EF422B51E9BB00B97DEB /* XCRemoteSwiftPackageReference "Kingfisher" */ = {
			isa = XCRemoteSwiftPackageReference;
			repositoryURL = "https://github.com/onevcat/Kingfisher.git";
			requirement = {
				kind = upToNextMajorVersion;
				minimumVersion = 7.10.2;
			};
		};
/* End XCRemoteSwiftPackageReference section */

/* Begin XCSwiftPackageProductDependency section */
		EC1F0D3A2AEBED1200D4DBC1 /* CombineMoya */ = {
			isa = XCSwiftPackageProductDependency;
			package = EC1F0D392AEBED1200D4DBC1 /* XCRemoteSwiftPackageReference "Moya" */;
			productName = CombineMoya;
		};
		EC1F0D3C2AEBED1200D4DBC1 /* Moya */ = {
			isa = XCSwiftPackageProductDependency;
			package = EC1F0D392AEBED1200D4DBC1 /* XCRemoteSwiftPackageReference "Moya" */;
			productName = Moya;
		};
		EC4F99342AF7A63900645275 /* RswiftLibrary */ = {
			isa = XCSwiftPackageProductDependency;
			package = EC4F99332AF7A63900645275 /* XCRemoteSwiftPackageReference "R" */;
			productName = RswiftLibrary;
		};
		EC4F99372AF7A65500645275 /* RswiftGenerateInternalResources */ = {
			isa = XCSwiftPackageProductDependency;
			productName = "plugin:RswiftGenerateInternalResources";
		};
		EC84EF432B51E9BB00B97DEB /* Kingfisher */ = {
			isa = XCSwiftPackageProductDependency;
			package = EC84EF422B51E9BB00B97DEB /* XCRemoteSwiftPackageReference "Kingfisher" */;
			productName = Kingfisher;
		};
/* End XCSwiftPackageProductDependency section */

/* Begin XCVersionGroup section */
		ECF2667E2A560DB000CE33AD /* BaleTracker.xcdatamodeld */ = {
			isa = XCVersionGroup;
			children = (
				ECF2667F2A560DB000CE33AD /* BaleTracker.xcdatamodel */,
			);
			currentVersion = ECF2667F2A560DB000CE33AD /* BaleTracker.xcdatamodel */;
			path = BaleTracker.xcdatamodeld;
			sourceTree = "<group>";
			versionGroupType = wrapper.xcdatamodel;
		};
/* End XCVersionGroup section */
	};
	rootObject = ECF266682A560DAF00CE33AD /* Project object */;
}
